// !$*UTF8*$!
{
	archiveVersion = 1;
	classes = {
	};
	objectVersion = 50;
	objects = {

/* Begin PBXBuildFile section */
		E219BD3624ADC128007E8F2C /* GameBoardController.swift in Sources */ = {isa = PBXBuildFile; fileRef = E219BD3524ADC128007E8F2C /* GameBoardController.swift */; };
		E219BD3824ADC635007E8F2C /* LetterMap.swift in Sources */ = {isa = PBXBuildFile; fileRef = E219BD3724ADC635007E8F2C /* LetterMap.swift */; };
		E22F5779247EDB8700F1C0A5 /* LetterButtonsLayout.swift in Sources */ = {isa = PBXBuildFile; fileRef = E22F5778247EDB8700F1C0A5 /* LetterButtonsLayout.swift */; };
		E22F577B247F64BE00F1C0A5 /* setBackground.swift in Sources */ = {isa = PBXBuildFile; fileRef = E22F577A247F64BE00F1C0A5 /* setBackground.swift */; };
		E22F577D247F655800F1C0A5 /* dave-sBga13mu80c-unsplash.jpg in Resources */ = {isa = PBXBuildFile; fileRef = E22F577C247F655800F1C0A5 /* dave-sBga13mu80c-unsplash.jpg */; };
		E22F577F2480487800F1C0A5 /* GameBoardControllerTests.swift in Sources */ = {isa = PBXBuildFile; fileRef = E22F577E2480487800F1C0A5 /* GameBoardControllerTests.swift */; };
		E25B847B246C5D8600FA3C49 /* WordSearchViewController.swift in Sources */ = {isa = PBXBuildFile; fileRef = E25B847A246C5D8600FA3C49 /* WordSearchViewController.swift */; };
		E25B8488246C70E500FA3C49 /* WordSearchTests.swift in Sources */ = {isa = PBXBuildFile; fileRef = E25B8487246C70E500FA3C49 /* WordSearchTests.swift */; };
		E25B8490246C712A00FA3C49 /* WordControllerTest.swift in Sources */ = {isa = PBXBuildFile; fileRef = E25B848F246C712A00FA3C49 /* WordControllerTest.swift */; };
		E27B757C2471D8910054BEBB /* fiveLetterWords.json in Resources */ = {isa = PBXBuildFile; fileRef = E27B757B2471D8910054BEBB /* fiveLetterWords.json */; };
		E280F7A024691A97000CBEA4 /* MockData.swift in Sources */ = {isa = PBXBuildFile; fileRef = E280F79F24691A97000CBEA4 /* MockData.swift */; };
		E2961B1E24B0946100075C19 /* GameBoardControllerTestTests.swift in Sources */ = {isa = PBXBuildFile; fileRef = E2961B1D24B0946100075C19 /* GameBoardControllerTestTests.swift */; };
		E2961B2024B0947100075C19 /* LetterMapTests.swift in Sources */ = {isa = PBXBuildFile; fileRef = E2961B1F24B0947100075C19 /* LetterMapTests.swift */; };
		E2961B2224B0C52C00075C19 /* Node.swift in Sources */ = {isa = PBXBuildFile; fileRef = E2961B2124B0C52C00075C19 /* Node.swift */; };
		E2961B2424B0C5FA00075C19 /* Coordinate.swift in Sources */ = {isa = PBXBuildFile; fileRef = E2961B2324B0C5FA00075C19 /* Coordinate.swift */; };
		E2961B2624B0C61D00075C19 /* CoordinateRange.swift in Sources */ = {isa = PBXBuildFile; fileRef = E2961B2524B0C61C00075C19 /* CoordinateRange.swift */; };
		E2961B2824B0C63700075C19 /* Enums.swift in Sources */ = {isa = PBXBuildFile; fileRef = E2961B2724B0C63700075C19 /* Enums.swift */; };
		E2AD5CBE247233B800937D3D /* threeLetterWords.json in Resources */ = {isa = PBXBuildFile; fileRef = E2AD5CBD247233B700937D3D /* threeLetterWords.json */; };
		E2AD5CC02472340200937D3D /* fourLetterWords.json in Resources */ = {isa = PBXBuildFile; fileRef = E2AD5CBF2472340200937D3D /* fourLetterWords.json */; };
		E2AD5CC22472341C00937D3D /* sixLetterWords.json in Resources */ = {isa = PBXBuildFile; fileRef = E2AD5CC12472341C00937D3D /* sixLetterWords.json */; };
		E2AD5CD52472343200937D3D /* twelveLetterWords.json in Resources */ = {isa = PBXBuildFile; fileRef = E2AD5CC42472343100937D3D /* twelveLetterWords.json */; };
		E2AD5CD62472343200937D3D /* sixteenLetterWords.json in Resources */ = {isa = PBXBuildFile; fileRef = E2AD5CC52472343100937D3D /* sixteenLetterWords.json */; };
		E2AD5CD72472343200937D3D /* sevenLetterWords.json in Resources */ = {isa = PBXBuildFile; fileRef = E2AD5CC62472343100937D3D /* sevenLetterWords.json */; };
		E2AD5CD82472343200937D3D /* tenLetterWords.json in Resources */ = {isa = PBXBuildFile; fileRef = E2AD5CC72472343100937D3D /* tenLetterWords.json */; };
		E2AD5CDA2472343200937D3D /* seventeenLetterWords.json in Resources */ = {isa = PBXBuildFile; fileRef = E2AD5CC92472343100937D3D /* seventeenLetterWords.json */; };
		E2AD5CDB2472343200937D3D /* eightLetterWords.json in Resources */ = {isa = PBXBuildFile; fileRef = E2AD5CCA2472343100937D3D /* eightLetterWords.json */; };
		E2AD5CDC2472343200937D3D /* elevenLetterWords.json in Resources */ = {isa = PBXBuildFile; fileRef = E2AD5CCB2472343100937D3D /* elevenLetterWords.json */; };
		E2AD5CDD2472343200937D3D /* greaterThanEighteenLetterWords.json in Resources */ = {isa = PBXBuildFile; fileRef = E2AD5CCC2472343100937D3D /* greaterThanEighteenLetterWords.json */; };
		E2AD5CDE2472343200937D3D /* nineLetterWords.json in Resources */ = {isa = PBXBuildFile; fileRef = E2AD5CCD2472343100937D3D /* nineLetterWords.json */; };
		E2AD5CE02472343200937D3D /* thirteenLetterWords.json in Resources */ = {isa = PBXBuildFile; fileRef = E2AD5CCF2472343200937D3D /* thirteenLetterWords.json */; };
		E2AD5CE12472343200937D3D /* fifteenLetterWords.json in Resources */ = {isa = PBXBuildFile; fileRef = E2AD5CD02472343200937D3D /* fifteenLetterWords.json */; };
		E2AD5CE22472343200937D3D /* fourteenLetterWords.json in Resources */ = {isa = PBXBuildFile; fileRef = E2AD5CD12472343200937D3D /* fourteenLetterWords.json */; };
		E2AD5CE42472343200937D3D /* eighteenLetterWords.json in Resources */ = {isa = PBXBuildFile; fileRef = E2AD5CD32472343200937D3D /* eighteenLetterWords.json */; };
		E2B5977A24B0CC1000E4CC71 /* NodeTests.swift in Sources */ = {isa = PBXBuildFile; fileRef = E2B5977924B0CC1000E4CC71 /* NodeTests.swift */; };
		E2B5977C24B0CC2100E4CC71 /* CoordinateTests.swift in Sources */ = {isa = PBXBuildFile; fileRef = E2B5977B24B0CC2100E4CC71 /* CoordinateTests.swift */; };
		E2B5977E24B0CC4200E4CC71 /* CoordinateRangeTests.swift in Sources */ = {isa = PBXBuildFile; fileRef = E2B5977D24B0CC4200E4CC71 /* CoordinateRangeTests.swift */; };
		E2DA2C022474F13B0042E695 /* CharacterSet+Sequence.swift in Sources */ = {isa = PBXBuildFile; fileRef = E2DA2C012474F13B0042E695 /* CharacterSet+Sequence.swift */; };
		E2E3DF962467E98E0049235E /* AppDelegate.swift in Sources */ = {isa = PBXBuildFile; fileRef = E2E3DF952467E98E0049235E /* AppDelegate.swift */; };
		E2E3DF982467E98E0049235E /* SceneDelegate.swift in Sources */ = {isa = PBXBuildFile; fileRef = E2E3DF972467E98E0049235E /* SceneDelegate.swift */; };
		E2E3DF9D2467E98E0049235E /* Main.storyboard in Resources */ = {isa = PBXBuildFile; fileRef = E2E3DF9B2467E98E0049235E /* Main.storyboard */; };
		E2E3DF9F2467E9900049235E /* Assets.xcassets in Resources */ = {isa = PBXBuildFile; fileRef = E2E3DF9E2467E9900049235E /* Assets.xcassets */; };
		E2E3DFA22467E9900049235E /* LaunchScreen.storyboard in Resources */ = {isa = PBXBuildFile; fileRef = E2E3DFA02467E9900049235E /* LaunchScreen.storyboard */; };
		E2E3DFAF2467EA590049235E /* Word.swift in Sources */ = {isa = PBXBuildFile; fileRef = E2E3DFAE2467EA590049235E /* Word.swift */; };
		E2E3DFB12467ED8D0049235E /* WordController.swift in Sources */ = {isa = PBXBuildFile; fileRef = E2E3DFB02467ED8D0049235E /* WordController.swift */; };
		E2EE23582473944F009FFEC3 /* GameBoard.swift in Sources */ = {isa = PBXBuildFile; fileRef = E2EE23572473944F009FFEC3 /* GameBoard.swift */; };
		E2FEA15C24D33770009025F0 /* MainScreenViewController.swift in Sources */ = {isa = PBXBuildFile; fileRef = E2FEA15B24D33770009025F0 /* MainScreenViewController.swift */; };
		E2FEA15E24D337AC009025F0 /* SettingsViewController.swift in Sources */ = {isa = PBXBuildFile; fileRef = E2FEA15D24D337AC009025F0 /* SettingsViewController.swift */; };
		E2FEA16024D3E580009025F0 /* OptionalDefaults.swift in Sources */ = {isa = PBXBuildFile; fileRef = E2FEA15F24D3E580009025F0 /* OptionalDefaults.swift */; };
		E2FEA16B24D3F57A009025F0 /* WordSearchUITests.swift in Sources */ = {isa = PBXBuildFile; fileRef = E2FEA16A24D3F57A009025F0 /* WordSearchUITests.swift */; };
		E2FEA18424D4060A009025F0 /* esGreaterThanEighteenLetterWords.json in Resources */ = {isa = PBXBuildFile; fileRef = E2FEA17224D40606009025F0 /* esGreaterThanEighteenLetterWords.json */; };
		E2FEA18524D4060A009025F0 /* esFourLetterWords.json in Resources */ = {isa = PBXBuildFile; fileRef = E2FEA17324D40606009025F0 /* esFourLetterWords.json */; };
		E2FEA18624D4060A009025F0 /* esFifteenLetterWords.json in Resources */ = {isa = PBXBuildFile; fileRef = E2FEA17424D40606009025F0 /* esFifteenLetterWords.json */; };
		E2FEA18724D4060A009025F0 /* esEighteenLetterWords.json in Resources */ = {isa = PBXBuildFile; fileRef = E2FEA17524D40607009025F0 /* esEighteenLetterWords.json */; };
		E2FEA18824D4060A009025F0 /* esEightLetterWords.json in Resources */ = {isa = PBXBuildFile; fileRef = E2FEA17624D40607009025F0 /* esEightLetterWords.json */; };
		E2FEA18924D4060A009025F0 /* esThirteenLetterWords.json in Resources */ = {isa = PBXBuildFile; fileRef = E2FEA17724D40607009025F0 /* esThirteenLetterWords.json */; };
		E2FEA18A24D4060A009025F0 /* esTenLetterWords.json in Resources */ = {isa = PBXBuildFile; fileRef = E2FEA17824D40607009025F0 /* esTenLetterWords.json */; };
		E2FEA18B24D4060A009025F0 /* esElevenLetterWords.json in Resources */ = {isa = PBXBuildFile; fileRef = E2FEA17924D40608009025F0 /* esElevenLetterWords.json */; };
		E2FEA18C24D4060A009025F0 /* esThreeLetterWords.json in Resources */ = {isa = PBXBuildFile; fileRef = E2FEA17A24D40608009025F0 /* esThreeLetterWords.json */; };
		E2FEA18D24D4060A009025F0 /* esFourteenLetterWords.json in Resources */ = {isa = PBXBuildFile; fileRef = E2FEA17B24D40608009025F0 /* esFourteenLetterWords.json */; };
		E2FEA18E24D4060A009025F0 /* esSeventeenLetterWords.json in Resources */ = {isa = PBXBuildFile; fileRef = E2FEA17C24D40609009025F0 /* esSeventeenLetterWords.json */; };
		E2FEA18F24D4060A009025F0 /* esTwelveLetterWords.json in Resources */ = {isa = PBXBuildFile; fileRef = E2FEA17D24D40609009025F0 /* esTwelveLetterWords.json */; };
		E2FEA19024D4060A009025F0 /* esFiveLetterWords.json in Resources */ = {isa = PBXBuildFile; fileRef = E2FEA17E24D40609009025F0 /* esFiveLetterWords.json */; };
		E2FEA19124D4060A009025F0 /* esNineLetterWords.json in Resources */ = {isa = PBXBuildFile; fileRef = E2FEA17F24D40609009025F0 /* esNineLetterWords.json */; };
		E2FEA19224D4060A009025F0 /* esSixLetterWords.json in Resources */ = {isa = PBXBuildFile; fileRef = E2FEA18024D40609009025F0 /* esSixLetterWords.json */; };
		E2FEA19324D4060A009025F0 /* esSixteenLetterWords.json in Resources */ = {isa = PBXBuildFile; fileRef = E2FEA18124D4060A009025F0 /* esSixteenLetterWords.json */; };
		E2FEA19524D4060A009025F0 /* esSevenLetterWords.json in Resources */ = {isa = PBXBuildFile; fileRef = E2FEA18324D4060A009025F0 /* esSevenLetterWords.json */; };
		E2FEA1A924D40794009025F0 /* deSevenLetterWords.json in Resources */ = {isa = PBXBuildFile; fileRef = E2FEA19624D40790009025F0 /* deSevenLetterWords.json */; };
		E2FEA1AA24D40794009025F0 /* deSixteenLetterWords.json in Resources */ = {isa = PBXBuildFile; fileRef = E2FEA19724D40791009025F0 /* deSixteenLetterWords.json */; };
		E2FEA1AB24D40794009025F0 /* deNineLetterWords.json in Resources */ = {isa = PBXBuildFile; fileRef = E2FEA19824D40791009025F0 /* deNineLetterWords.json */; };
		E2FEA1AC24D40794009025F0 /* deFiveLetterWords.json in Resources */ = {isa = PBXBuildFile; fileRef = E2FEA19924D40791009025F0 /* deFiveLetterWords.json */; };
		E2FEA1AD24D40794009025F0 /* deFourLetterWords.json in Resources */ = {isa = PBXBuildFile; fileRef = E2FEA19A24D40791009025F0 /* deFourLetterWords.json */; };
		E2FEA1AE24D40794009025F0 /* deThreeLetterWords.json in Resources */ = {isa = PBXBuildFile; fileRef = E2FEA19B24D40791009025F0 /* deThreeLetterWords.json */; };
		E2FEA1AF24D40794009025F0 /* deTwelveLetterWords.json in Resources */ = {isa = PBXBuildFile; fileRef = E2FEA19C24D40792009025F0 /* deTwelveLetterWords.json */; };
		E2FEA1B024D40794009025F0 /* deEightLetterWords.json in Resources */ = {isa = PBXBuildFile; fileRef = E2FEA19D24D40792009025F0 /* deEightLetterWords.json */; };
		E2FEA1B124D40794009025F0 /* deEighteenLetterWords.json in Resources */ = {isa = PBXBuildFile; fileRef = E2FEA19E24D40792009025F0 /* deEighteenLetterWords.json */; };
		E2FEA1B224D40794009025F0 /* deGreaterThanEighteenLetterWords.json in Resources */ = {isa = PBXBuildFile; fileRef = E2FEA19F24D40792009025F0 /* deGreaterThanEighteenLetterWords.json */; };
		E2FEA1B324D40794009025F0 /* deThirteenLetterWords.json in Resources */ = {isa = PBXBuildFile; fileRef = E2FEA1A024D40792009025F0 /* deThirteenLetterWords.json */; };
		E2FEA1B424D40794009025F0 /* deElevenLetterWords.json in Resources */ = {isa = PBXBuildFile; fileRef = E2FEA1A124D40793009025F0 /* deElevenLetterWords.json */; };
		E2FEA1B524D40794009025F0 /* deFourteenLetterWords.json in Resources */ = {isa = PBXBuildFile; fileRef = E2FEA1A224D40793009025F0 /* deFourteenLetterWords.json */; };
		E2FEA1B624D40794009025F0 /* deSeventeenLetterWords.json in Resources */ = {isa = PBXBuildFile; fileRef = E2FEA1A324D40793009025F0 /* deSeventeenLetterWords.json */; };
		E2FEA1B724D40794009025F0 /* deTenLetterWords.json in Resources */ = {isa = PBXBuildFile; fileRef = E2FEA1A424D40793009025F0 /* deTenLetterWords.json */; };
		E2FEA1B824D40794009025F0 /* deSixLetterWords.json in Resources */ = {isa = PBXBuildFile; fileRef = E2FEA1A524D40793009025F0 /* deSixLetterWords.json */; };
		E2FEA1BB24D40794009025F0 /* deFifteenLetterWords.json in Resources */ = {isa = PBXBuildFile; fileRef = E2FEA1A824D40794009025F0 /* deFifteenLetterWords.json */; };
		E2FEA1D024D40982009025F0 /* itSevenLetterWords.json in Resources */ = {isa = PBXBuildFile; fileRef = E2FEA1BD24D4097E009025F0 /* itSevenLetterWords.json */; };
		E2FEA1D124D40982009025F0 /* itThirteenLetterWords.json in Resources */ = {isa = PBXBuildFile; fileRef = E2FEA1BE24D4097E009025F0 /* itThirteenLetterWords.json */; };
		E2FEA1D224D40982009025F0 /* itEighteenLetterWords.json in Resources */ = {isa = PBXBuildFile; fileRef = E2FEA1BF24D4097E009025F0 /* itEighteenLetterWords.json */; };
		E2FEA1D324D40982009025F0 /* itFourteenLetterWords.json in Resources */ = {isa = PBXBuildFile; fileRef = E2FEA1C024D4097E009025F0 /* itFourteenLetterWords.json */; };
		E2FEA1D424D40982009025F0 /* itNineLetterWords.json in Resources */ = {isa = PBXBuildFile; fileRef = E2FEA1C124D4097F009025F0 /* itNineLetterWords.json */; };
		E2FEA1D524D40982009025F0 /* itElevenLetterWords.json in Resources */ = {isa = PBXBuildFile; fileRef = E2FEA1C224D4097F009025F0 /* itElevenLetterWords.json */; };
		E2FEA1D624D40982009025F0 /* itFourLetterWords.json in Resources */ = {isa = PBXBuildFile; fileRef = E2FEA1C324D4097F009025F0 /* itFourLetterWords.json */; };
		E2FEA1D724D40982009025F0 /* itEightLetterWords.json in Resources */ = {isa = PBXBuildFile; fileRef = E2FEA1C424D4097F009025F0 /* itEightLetterWords.json */; };
		E2FEA1D924D40982009025F0 /* itSixLetterWords.json in Resources */ = {isa = PBXBuildFile; fileRef = E2FEA1C624D40980009025F0 /* itSixLetterWords.json */; };
		E2FEA1DA24D40982009025F0 /* itThreeLetterWords.json in Resources */ = {isa = PBXBuildFile; fileRef = E2FEA1C724D40980009025F0 /* itThreeLetterWords.json */; };
		E2FEA1DB24D40982009025F0 /* itSeventeenLetterWords.json in Resources */ = {isa = PBXBuildFile; fileRef = E2FEA1C824D40980009025F0 /* itSeventeenLetterWords.json */; };
		E2FEA1DC24D40982009025F0 /* itGreaterThanEighteenLetterWords.json in Resources */ = {isa = PBXBuildFile; fileRef = E2FEA1C924D40980009025F0 /* itGreaterThanEighteenLetterWords.json */; };
		E2FEA1DE24D40982009025F0 /* itFiveLetterWords.json in Resources */ = {isa = PBXBuildFile; fileRef = E2FEA1CB24D40981009025F0 /* itFiveLetterWords.json */; };
		E2FEA1DF24D40982009025F0 /* itSixteenLetterWords.json in Resources */ = {isa = PBXBuildFile; fileRef = E2FEA1CC24D40981009025F0 /* itSixteenLetterWords.json */; };
		E2FEA1E024D40982009025F0 /* itTwelveLetterWords.json in Resources */ = {isa = PBXBuildFile; fileRef = E2FEA1CD24D40981009025F0 /* itTwelveLetterWords.json */; };
		E2FEA1E124D40982009025F0 /* itFifteenLetterWords.json in Resources */ = {isa = PBXBuildFile; fileRef = E2FEA1CE24D40982009025F0 /* itFifteenLetterWords.json */; };
		E2FEA1E224D40982009025F0 /* itTenLetterWords.json in Resources */ = {isa = PBXBuildFile; fileRef = E2FEA1CF24D40982009025F0 /* itTenLetterWords.json */; };
		E2FEA1F924D40ACD009025F0 /* frTwelveLetterWords.json in Resources */ = {isa = PBXBuildFile; fileRef = E2FEA1E624D40AC8009025F0 /* frTwelveLetterWords.json */; };
		E2FEA1FA24D40ACD009025F0 /* frEightLetterWords.json in Resources */ = {isa = PBXBuildFile; fileRef = E2FEA1E724D40AC8009025F0 /* frEightLetterWords.json */; };
		E2FEA1FB24D40ACD009025F0 /* frThreeLetterWords.json in Resources */ = {isa = PBXBuildFile; fileRef = E2FEA1E824D40AC8009025F0 /* frThreeLetterWords.json */; };
		E2FEA1FC24D40ACD009025F0 /* frSevenLetterWords.json in Resources */ = {isa = PBXBuildFile; fileRef = E2FEA1E924D40AC9009025F0 /* frSevenLetterWords.json */; };
		E2FEA1FD24D40ACD009025F0 /* frThirteenLetterWords.json in Resources */ = {isa = PBXBuildFile; fileRef = E2FEA1EA24D40AC9009025F0 /* frThirteenLetterWords.json */; };
		E2FEA1FE24D40ACD009025F0 /* frFiveLetterWords.json in Resources */ = {isa = PBXBuildFile; fileRef = E2FEA1EB24D40AC9009025F0 /* frFiveLetterWords.json */; };
		E2FEA1FF24D40ACD009025F0 /* frFourLetterWords.json in Resources */ = {isa = PBXBuildFile; fileRef = E2FEA1EC24D40AC9009025F0 /* frFourLetterWords.json */; };
		E2FEA20024D40ACD009025F0 /* frFourteenLetterWords.json in Resources */ = {isa = PBXBuildFile; fileRef = E2FEA1ED24D40ACA009025F0 /* frFourteenLetterWords.json */; };
		E2FEA20224D40ACD009025F0 /* frEighteenLetterWords.json in Resources */ = {isa = PBXBuildFile; fileRef = E2FEA1EF24D40ACA009025F0 /* frEighteenLetterWords.json */; };
		E2FEA20324D40ACD009025F0 /* frGreaterThanEighteenLetterWords.json in Resources */ = {isa = PBXBuildFile; fileRef = E2FEA1F024D40ACA009025F0 /* frGreaterThanEighteenLetterWords.json */; };
		E2FEA20524D40ACD009025F0 /* frSixteenLetterWords.json in Resources */ = {isa = PBXBuildFile; fileRef = E2FEA1F224D40ACB009025F0 /* frSixteenLetterWords.json */; };
		E2FEA20624D40ACD009025F0 /* frSixLetterWords.json in Resources */ = {isa = PBXBuildFile; fileRef = E2FEA1F324D40ACB009025F0 /* frSixLetterWords.json */; };
		E2FEA20724D40ACD009025F0 /* frTenLetterWords.json in Resources */ = {isa = PBXBuildFile; fileRef = E2FEA1F424D40ACB009025F0 /* frTenLetterWords.json */; };
		E2FEA20824D40ACD009025F0 /* frNineLetterWords.json in Resources */ = {isa = PBXBuildFile; fileRef = E2FEA1F524D40ACC009025F0 /* frNineLetterWords.json */; };
		E2FEA20924D40ACD009025F0 /* frSeventeenLetterWords.json in Resources */ = {isa = PBXBuildFile; fileRef = E2FEA1F624D40ACC009025F0 /* frSeventeenLetterWords.json */; };
		E2FEA20A24D40ACD009025F0 /* frElevenLetterWords.json in Resources */ = {isa = PBXBuildFile; fileRef = E2FEA1F724D40ACC009025F0 /* frElevenLetterWords.json */; };
		E2FEA20B24D40ACD009025F0 /* frFifteenLetterWords.json in Resources */ = {isa = PBXBuildFile; fileRef = E2FEA1F824D40ACD009025F0 /* frFifteenLetterWords.json */; };
		E2FEA21F24D40BE0009025F0 /* nlTenLetterWords.json in Resources */ = {isa = PBXBuildFile; fileRef = E2FEA20C24D40BDA009025F0 /* nlTenLetterWords.json */; };
		E2FEA22024D40BE0009025F0 /* nlFifteenLetterWords.json in Resources */ = {isa = PBXBuildFile; fileRef = E2FEA20D24D40BDA009025F0 /* nlFifteenLetterWords.json */; };
		E2FEA22124D40BE0009025F0 /* nlSixteenLetterWords.json in Resources */ = {isa = PBXBuildFile; fileRef = E2FEA20E24D40BDA009025F0 /* nlSixteenLetterWords.json */; };
		E2FEA22224D40BE0009025F0 /* nlSixLetterWords.json in Resources */ = {isa = PBXBuildFile; fileRef = E2FEA20F24D40BDA009025F0 /* nlSixLetterWords.json */; };
		E2FEA22324D40BE0009025F0 /* nlFourLetterWords.json in Resources */ = {isa = PBXBuildFile; fileRef = E2FEA21024D40BDB009025F0 /* nlFourLetterWords.json */; };
		E2FEA22424D40BE0009025F0 /* nlNineLetterWords.json in Resources */ = {isa = PBXBuildFile; fileRef = E2FEA21124D40BDB009025F0 /* nlNineLetterWords.json */; };
		E2FEA22524D40BE0009025F0 /* nlEighteenLetterWords.json in Resources */ = {isa = PBXBuildFile; fileRef = E2FEA21224D40BDB009025F0 /* nlEighteenLetterWords.json */; };
		E2FEA22724D40BE0009025F0 /* nlFiveLetterWords.json in Resources */ = {isa = PBXBuildFile; fileRef = E2FEA21424D40BDC009025F0 /* nlFiveLetterWords.json */; };
		E2FEA22824D40BE0009025F0 /* nlSeventeenLetterWords.json in Resources */ = {isa = PBXBuildFile; fileRef = E2FEA21524D40BDC009025F0 /* nlSeventeenLetterWords.json */; };
		E2FEA22924D40BE0009025F0 /* nlThreeLetterWords.json in Resources */ = {isa = PBXBuildFile; fileRef = E2FEA21624D40BDC009025F0 /* nlThreeLetterWords.json */; };
		E2FEA22A24D40BE0009025F0 /* nlEightLetterWords.json in Resources */ = {isa = PBXBuildFile; fileRef = E2FEA21724D40BDC009025F0 /* nlEightLetterWords.json */; };
		E2FEA22B24D40BE0009025F0 /* nlSevenLetterWords.json in Resources */ = {isa = PBXBuildFile; fileRef = E2FEA21824D40BDD009025F0 /* nlSevenLetterWords.json */; };
		E2FEA22C24D40BE0009025F0 /* nlTwelveLetterWords.json in Resources */ = {isa = PBXBuildFile; fileRef = E2FEA21924D40BDE009025F0 /* nlTwelveLetterWords.json */; };
		E2FEA22D24D40BE0009025F0 /* nlGreaterThanEighteenLetterWords.json in Resources */ = {isa = PBXBuildFile; fileRef = E2FEA21A24D40BDE009025F0 /* nlGreaterThanEighteenLetterWords.json */; };
		E2FEA22F24D40BE0009025F0 /* nlFourteenLetterWords.json in Resources */ = {isa = PBXBuildFile; fileRef = E2FEA21C24D40BDF009025F0 /* nlFourteenLetterWords.json */; };
		E2FEA23024D40BE0009025F0 /* nlThirteenLetterWords.json in Resources */ = {isa = PBXBuildFile; fileRef = E2FEA21D24D40BDF009025F0 /* nlThirteenLetterWords.json */; };
		E2FEA23124D40BE0009025F0 /* nlElevenLetterWords.json in Resources */ = {isa = PBXBuildFile; fileRef = E2FEA21E24D40BE0009025F0 /* nlElevenLetterWords.json */; };
		E2FEA24524D40CE9009025F0 /* daSeventeenLetterWords.json in Resources */ = {isa = PBXBuildFile; fileRef = E2FEA23224D40CE4009025F0 /* daSeventeenLetterWords.json */; };
		E2FEA24624D40CE9009025F0 /* daThirteenLetterWords.json in Resources */ = {isa = PBXBuildFile; fileRef = E2FEA23324D40CE4009025F0 /* daThirteenLetterWords.json */; };
		E2FEA24724D40CE9009025F0 /* daFourLetterWords.json in Resources */ = {isa = PBXBuildFile; fileRef = E2FEA23424D40CE4009025F0 /* daFourLetterWords.json */; };
		E2FEA24824D40CE9009025F0 /* daSevenLetterWords.json in Resources */ = {isa = PBXBuildFile; fileRef = E2FEA23524D40CE5009025F0 /* daSevenLetterWords.json */; };
		E2FEA24924D40CE9009025F0 /* daGreaterThanEighteenLetterWords.json in Resources */ = {isa = PBXBuildFile; fileRef = E2FEA23624D40CE5009025F0 /* daGreaterThanEighteenLetterWords.json */; };
		E2FEA24B24D40CE9009025F0 /* daNineLetterWords.json in Resources */ = {isa = PBXBuildFile; fileRef = E2FEA23824D40CE6009025F0 /* daNineLetterWords.json */; };
		E2FEA24C24D40CE9009025F0 /* daTwelveLetterWords.json in Resources */ = {isa = PBXBuildFile; fileRef = E2FEA23924D40CE6009025F0 /* daTwelveLetterWords.json */; };
		E2FEA24D24D40CE9009025F0 /* daThreeLetterWords.json in Resources */ = {isa = PBXBuildFile; fileRef = E2FEA23A24D40CE6009025F0 /* daThreeLetterWords.json */; };
		E2FEA24F24D40CE9009025F0 /* daEighteenLetterWords.json in Resources */ = {isa = PBXBuildFile; fileRef = E2FEA23C24D40CE7009025F0 /* daEighteenLetterWords.json */; };
		E2FEA25024D40CE9009025F0 /* daElevenLetterWords.json in Resources */ = {isa = PBXBuildFile; fileRef = E2FEA23D24D40CE7009025F0 /* daElevenLetterWords.json */; };
		E2FEA25124D40CE9009025F0 /* daSixLetterWords.json in Resources */ = {isa = PBXBuildFile; fileRef = E2FEA23E24D40CE8009025F0 /* daSixLetterWords.json */; };
		E2FEA25224D40CE9009025F0 /* daFourteenLetterWords.json in Resources */ = {isa = PBXBuildFile; fileRef = E2FEA23F24D40CE8009025F0 /* daFourteenLetterWords.json */; };
		E2FEA25324D40CE9009025F0 /* daFifteenLetterWords.json in Resources */ = {isa = PBXBuildFile; fileRef = E2FEA24024D40CE8009025F0 /* daFifteenLetterWords.json */; };
		E2FEA25424D40CE9009025F0 /* daFiveLetterWords.json in Resources */ = {isa = PBXBuildFile; fileRef = E2FEA24124D40CE8009025F0 /* daFiveLetterWords.json */; };
		E2FEA25524D40CE9009025F0 /* daSixteenLetterWords.json in Resources */ = {isa = PBXBuildFile; fileRef = E2FEA24224D40CE9009025F0 /* daSixteenLetterWords.json */; };
		E2FEA25624D40CE9009025F0 /* daTenLetterWords.json in Resources */ = {isa = PBXBuildFile; fileRef = E2FEA24324D40CE9009025F0 /* daTenLetterWords.json */; };
		E2FEA25724D40CE9009025F0 /* daEightLetterWords.json in Resources */ = {isa = PBXBuildFile; fileRef = E2FEA24424D40CE9009025F0 /* daEightLetterWords.json */; };
/* End PBXBuildFile section */

/* Begin PBXContainerItemProxy section */
		E25B848A246C70E500FA3C49 /* PBXContainerItemProxy */ = {
			isa = PBXContainerItemProxy;
			containerPortal = E2E3DF8A2467E98E0049235E /* Project object */;
			proxyType = 1;
			remoteGlobalIDString = E2E3DF912467E98E0049235E;
			remoteInfo = WordSearch;
		};
		E2FEA16D24D3F57A009025F0 /* PBXContainerItemProxy */ = {
			isa = PBXContainerItemProxy;
			containerPortal = E2E3DF8A2467E98E0049235E /* Project object */;
			proxyType = 1;
			remoteGlobalIDString = E2E3DF912467E98E0049235E;
			remoteInfo = WordSearch;
		};
/* End PBXContainerItemProxy section */

/* Begin PBXFileReference section */
		E219BD3524ADC128007E8F2C /* GameBoardController.swift */ = {isa = PBXFileReference; lastKnownFileType = sourcecode.swift; path = GameBoardController.swift; sourceTree = "<group>"; };
		E219BD3724ADC635007E8F2C /* LetterMap.swift */ = {isa = PBXFileReference; lastKnownFileType = sourcecode.swift; path = LetterMap.swift; sourceTree = "<group>"; };
		E22F5778247EDB8700F1C0A5 /* LetterButtonsLayout.swift */ = {isa = PBXFileReference; lastKnownFileType = sourcecode.swift; path = LetterButtonsLayout.swift; sourceTree = "<group>"; };
		E22F577A247F64BE00F1C0A5 /* setBackground.swift */ = {isa = PBXFileReference; lastKnownFileType = sourcecode.swift; path = setBackground.swift; sourceTree = "<group>"; };
		E22F577C247F655800F1C0A5 /* dave-sBga13mu80c-unsplash.jpg */ = {isa = PBXFileReference; lastKnownFileType = image.jpeg; path = "dave-sBga13mu80c-unsplash.jpg"; sourceTree = "<group>"; };
		E22F577E2480487800F1C0A5 /* GameBoardControllerTests.swift */ = {isa = PBXFileReference; lastKnownFileType = sourcecode.swift; path = GameBoardControllerTests.swift; sourceTree = "<group>"; };
		E25B847A246C5D8600FA3C49 /* WordSearchViewController.swift */ = {isa = PBXFileReference; lastKnownFileType = sourcecode.swift; path = WordSearchViewController.swift; sourceTree = "<group>"; };
		E25B8485246C70E500FA3C49 /* WordSearchTests.xctest */ = {isa = PBXFileReference; explicitFileType = wrapper.cfbundle; includeInIndex = 0; path = WordSearchTests.xctest; sourceTree = BUILT_PRODUCTS_DIR; };
		E25B8487246C70E500FA3C49 /* WordSearchTests.swift */ = {isa = PBXFileReference; lastKnownFileType = sourcecode.swift; path = WordSearchTests.swift; sourceTree = "<group>"; };
		E25B8489246C70E500FA3C49 /* Info.plist */ = {isa = PBXFileReference; lastKnownFileType = text.plist.xml; path = Info.plist; sourceTree = "<group>"; };
		E25B848F246C712A00FA3C49 /* WordControllerTest.swift */ = {isa = PBXFileReference; lastKnownFileType = sourcecode.swift; path = WordControllerTest.swift; sourceTree = "<group>"; };
		E27B757B2471D8910054BEBB /* fiveLetterWords.json */ = {isa = PBXFileReference; lastKnownFileType = text.json; path = fiveLetterWords.json; sourceTree = "<group>"; };
		E280F79F24691A97000CBEA4 /* MockData.swift */ = {isa = PBXFileReference; lastKnownFileType = sourcecode.swift; path = MockData.swift; sourceTree = "<group>"; };
		E2961B1D24B0946100075C19 /* GameBoardControllerTestTests.swift */ = {isa = PBXFileReference; lastKnownFileType = sourcecode.swift; path = GameBoardControllerTestTests.swift; sourceTree = "<group>"; };
		E2961B1F24B0947100075C19 /* LetterMapTests.swift */ = {isa = PBXFileReference; lastKnownFileType = sourcecode.swift; path = LetterMapTests.swift; sourceTree = "<group>"; };
		E2961B2124B0C52C00075C19 /* Node.swift */ = {isa = PBXFileReference; lastKnownFileType = sourcecode.swift; path = Node.swift; sourceTree = "<group>"; };
		E2961B2324B0C5FA00075C19 /* Coordinate.swift */ = {isa = PBXFileReference; lastKnownFileType = sourcecode.swift; path = Coordinate.swift; sourceTree = "<group>"; };
		E2961B2524B0C61C00075C19 /* CoordinateRange.swift */ = {isa = PBXFileReference; lastKnownFileType = sourcecode.swift; path = CoordinateRange.swift; sourceTree = "<group>"; };
		E2961B2724B0C63700075C19 /* Enums.swift */ = {isa = PBXFileReference; lastKnownFileType = sourcecode.swift; path = Enums.swift; sourceTree = "<group>"; };
		E2AD5CBD247233B700937D3D /* threeLetterWords.json */ = {isa = PBXFileReference; fileEncoding = 4; lastKnownFileType = text.json; path = threeLetterWords.json; sourceTree = "<group>"; };
		E2AD5CBF2472340200937D3D /* fourLetterWords.json */ = {isa = PBXFileReference; fileEncoding = 4; lastKnownFileType = text.json; path = fourLetterWords.json; sourceTree = "<group>"; };
		E2AD5CC12472341C00937D3D /* sixLetterWords.json */ = {isa = PBXFileReference; fileEncoding = 4; lastKnownFileType = text.json; path = sixLetterWords.json; sourceTree = "<group>"; };
		E2AD5CC42472343100937D3D /* twelveLetterWords.json */ = {isa = PBXFileReference; fileEncoding = 4; lastKnownFileType = text.json; path = twelveLetterWords.json; sourceTree = "<group>"; };
		E2AD5CC52472343100937D3D /* sixteenLetterWords.json */ = {isa = PBXFileReference; fileEncoding = 4; lastKnownFileType = text.json; path = sixteenLetterWords.json; sourceTree = "<group>"; };
		E2AD5CC62472343100937D3D /* sevenLetterWords.json */ = {isa = PBXFileReference; fileEncoding = 4; lastKnownFileType = text.json; path = sevenLetterWords.json; sourceTree = "<group>"; };
		E2AD5CC72472343100937D3D /* tenLetterWords.json */ = {isa = PBXFileReference; fileEncoding = 4; lastKnownFileType = text.json; path = tenLetterWords.json; sourceTree = "<group>"; };
		E2AD5CC92472343100937D3D /* seventeenLetterWords.json */ = {isa = PBXFileReference; fileEncoding = 4; lastKnownFileType = text.json; path = seventeenLetterWords.json; sourceTree = "<group>"; };
		E2AD5CCA2472343100937D3D /* eightLetterWords.json */ = {isa = PBXFileReference; fileEncoding = 4; lastKnownFileType = text.json; path = eightLetterWords.json; sourceTree = "<group>"; };
		E2AD5CCB2472343100937D3D /* elevenLetterWords.json */ = {isa = PBXFileReference; fileEncoding = 4; lastKnownFileType = text.json; path = elevenLetterWords.json; sourceTree = "<group>"; };
		E2AD5CCC2472343100937D3D /* greaterThanEighteenLetterWords.json */ = {isa = PBXFileReference; fileEncoding = 4; lastKnownFileType = text.json; path = greaterThanEighteenLetterWords.json; sourceTree = "<group>"; };
		E2AD5CCD2472343100937D3D /* nineLetterWords.json */ = {isa = PBXFileReference; fileEncoding = 4; lastKnownFileType = text.json; path = nineLetterWords.json; sourceTree = "<group>"; };
		E2AD5CCF2472343200937D3D /* thirteenLetterWords.json */ = {isa = PBXFileReference; fileEncoding = 4; lastKnownFileType = text.json; path = thirteenLetterWords.json; sourceTree = "<group>"; };
		E2AD5CD02472343200937D3D /* fifteenLetterWords.json */ = {isa = PBXFileReference; fileEncoding = 4; lastKnownFileType = text.json; path = fifteenLetterWords.json; sourceTree = "<group>"; };
		E2AD5CD12472343200937D3D /* fourteenLetterWords.json */ = {isa = PBXFileReference; fileEncoding = 4; lastKnownFileType = text.json; path = fourteenLetterWords.json; sourceTree = "<group>"; };
		E2AD5CD32472343200937D3D /* eighteenLetterWords.json */ = {isa = PBXFileReference; fileEncoding = 4; lastKnownFileType = text.json; path = eighteenLetterWords.json; sourceTree = "<group>"; };
		E2B5977924B0CC1000E4CC71 /* NodeTests.swift */ = {isa = PBXFileReference; lastKnownFileType = sourcecode.swift; path = NodeTests.swift; sourceTree = "<group>"; };
		E2B5977B24B0CC2100E4CC71 /* CoordinateTests.swift */ = {isa = PBXFileReference; lastKnownFileType = sourcecode.swift; path = CoordinateTests.swift; sourceTree = "<group>"; };
		E2B5977D24B0CC4200E4CC71 /* CoordinateRangeTests.swift */ = {isa = PBXFileReference; lastKnownFileType = sourcecode.swift; path = CoordinateRangeTests.swift; sourceTree = "<group>"; };
		E2DA2C012474F13B0042E695 /* CharacterSet+Sequence.swift */ = {isa = PBXFileReference; lastKnownFileType = sourcecode.swift; path = "CharacterSet+Sequence.swift"; sourceTree = "<group>"; };
		E2E3DF922467E98E0049235E /* WordSearch.app */ = {isa = PBXFileReference; explicitFileType = wrapper.application; includeInIndex = 0; path = WordSearch.app; sourceTree = BUILT_PRODUCTS_DIR; };
		E2E3DF952467E98E0049235E /* AppDelegate.swift */ = {isa = PBXFileReference; lastKnownFileType = sourcecode.swift; path = AppDelegate.swift; sourceTree = "<group>"; };
		E2E3DF972467E98E0049235E /* SceneDelegate.swift */ = {isa = PBXFileReference; lastKnownFileType = sourcecode.swift; path = SceneDelegate.swift; sourceTree = "<group>"; };
		E2E3DF9C2467E98E0049235E /* Base */ = {isa = PBXFileReference; lastKnownFileType = file.storyboard; name = Base; path = Base.lproj/Main.storyboard; sourceTree = "<group>"; };
		E2E3DF9E2467E9900049235E /* Assets.xcassets */ = {isa = PBXFileReference; lastKnownFileType = folder.assetcatalog; path = Assets.xcassets; sourceTree = "<group>"; };
		E2E3DFA12467E9900049235E /* Base */ = {isa = PBXFileReference; lastKnownFileType = file.storyboard; name = Base; path = Base.lproj/LaunchScreen.storyboard; sourceTree = "<group>"; };
		E2E3DFA32467E9900049235E /* Info.plist */ = {isa = PBXFileReference; lastKnownFileType = text.plist.xml; path = Info.plist; sourceTree = "<group>"; };
		E2E3DFAE2467EA590049235E /* Word.swift */ = {isa = PBXFileReference; lastKnownFileType = sourcecode.swift; path = Word.swift; sourceTree = "<group>"; };
		E2E3DFB02467ED8D0049235E /* WordController.swift */ = {isa = PBXFileReference; lastKnownFileType = sourcecode.swift; path = WordController.swift; sourceTree = "<group>"; };
		E2EE23572473944F009FFEC3 /* GameBoard.swift */ = {isa = PBXFileReference; lastKnownFileType = sourcecode.swift; path = GameBoard.swift; sourceTree = "<group>"; };
		E2FEA15B24D33770009025F0 /* MainScreenViewController.swift */ = {isa = PBXFileReference; lastKnownFileType = sourcecode.swift; path = MainScreenViewController.swift; sourceTree = "<group>"; };
		E2FEA15D24D337AC009025F0 /* SettingsViewController.swift */ = {isa = PBXFileReference; lastKnownFileType = sourcecode.swift; path = SettingsViewController.swift; sourceTree = "<group>"; };
		E2FEA15F24D3E580009025F0 /* OptionalDefaults.swift */ = {isa = PBXFileReference; lastKnownFileType = sourcecode.swift; path = OptionalDefaults.swift; sourceTree = "<group>"; };
		E2FEA16824D3F57A009025F0 /* WordSearchUITests.xctest */ = {isa = PBXFileReference; explicitFileType = wrapper.cfbundle; includeInIndex = 0; path = WordSearchUITests.xctest; sourceTree = BUILT_PRODUCTS_DIR; };
		E2FEA16A24D3F57A009025F0 /* WordSearchUITests.swift */ = {isa = PBXFileReference; lastKnownFileType = sourcecode.swift; path = WordSearchUITests.swift; sourceTree = "<group>"; };
		E2FEA16C24D3F57A009025F0 /* Info.plist */ = {isa = PBXFileReference; lastKnownFileType = text.plist.xml; path = Info.plist; sourceTree = "<group>"; };
		E2FEA17224D40606009025F0 /* esGreaterThanEighteenLetterWords.json */ = {isa = PBXFileReference; fileEncoding = 4; lastKnownFileType = text.json; path = esGreaterThanEighteenLetterWords.json; sourceTree = "<group>"; };
		E2FEA17324D40606009025F0 /* esFourLetterWords.json */ = {isa = PBXFileReference; fileEncoding = 4; lastKnownFileType = text.json; path = esFourLetterWords.json; sourceTree = "<group>"; };
		E2FEA17424D40606009025F0 /* esFifteenLetterWords.json */ = {isa = PBXFileReference; fileEncoding = 4; lastKnownFileType = text.json; path = esFifteenLetterWords.json; sourceTree = "<group>"; };
		E2FEA17524D40607009025F0 /* esEighteenLetterWords.json */ = {isa = PBXFileReference; fileEncoding = 4; lastKnownFileType = text.json; path = esEighteenLetterWords.json; sourceTree = "<group>"; };
		E2FEA17624D40607009025F0 /* esEightLetterWords.json */ = {isa = PBXFileReference; fileEncoding = 4; lastKnownFileType = text.json; path = esEightLetterWords.json; sourceTree = "<group>"; };
		E2FEA17724D40607009025F0 /* esThirteenLetterWords.json */ = {isa = PBXFileReference; fileEncoding = 4; lastKnownFileType = text.json; path = esThirteenLetterWords.json; sourceTree = "<group>"; };
		E2FEA17824D40607009025F0 /* esTenLetterWords.json */ = {isa = PBXFileReference; fileEncoding = 4; lastKnownFileType = text.json; path = esTenLetterWords.json; sourceTree = "<group>"; };
		E2FEA17924D40608009025F0 /* esElevenLetterWords.json */ = {isa = PBXFileReference; fileEncoding = 4; lastKnownFileType = text.json; path = esElevenLetterWords.json; sourceTree = "<group>"; };
		E2FEA17A24D40608009025F0 /* esThreeLetterWords.json */ = {isa = PBXFileReference; fileEncoding = 4; lastKnownFileType = text.json; path = esThreeLetterWords.json; sourceTree = "<group>"; };
		E2FEA17B24D40608009025F0 /* esFourteenLetterWords.json */ = {isa = PBXFileReference; fileEncoding = 4; lastKnownFileType = text.json; path = esFourteenLetterWords.json; sourceTree = "<group>"; };
		E2FEA17C24D40609009025F0 /* esSeventeenLetterWords.json */ = {isa = PBXFileReference; fileEncoding = 4; lastKnownFileType = text.json; path = esSeventeenLetterWords.json; sourceTree = "<group>"; };
		E2FEA17D24D40609009025F0 /* esTwelveLetterWords.json */ = {isa = PBXFileReference; fileEncoding = 4; lastKnownFileType = text.json; path = esTwelveLetterWords.json; sourceTree = "<group>"; };
		E2FEA17E24D40609009025F0 /* esFiveLetterWords.json */ = {isa = PBXFileReference; fileEncoding = 4; lastKnownFileType = text.json; path = esFiveLetterWords.json; sourceTree = "<group>"; };
		E2FEA17F24D40609009025F0 /* esNineLetterWords.json */ = {isa = PBXFileReference; fileEncoding = 4; lastKnownFileType = text.json; path = esNineLetterWords.json; sourceTree = "<group>"; };
		E2FEA18024D40609009025F0 /* esSixLetterWords.json */ = {isa = PBXFileReference; fileEncoding = 4; lastKnownFileType = text.json; path = esSixLetterWords.json; sourceTree = "<group>"; };
		E2FEA18124D4060A009025F0 /* esSixteenLetterWords.json */ = {isa = PBXFileReference; fileEncoding = 4; lastKnownFileType = text.json; path = esSixteenLetterWords.json; sourceTree = "<group>"; };
		E2FEA18324D4060A009025F0 /* esSevenLetterWords.json */ = {isa = PBXFileReference; fileEncoding = 4; lastKnownFileType = text.json; path = esSevenLetterWords.json; sourceTree = "<group>"; };
		E2FEA19624D40790009025F0 /* deSevenLetterWords.json */ = {isa = PBXFileReference; fileEncoding = 4; lastKnownFileType = text.json; path = deSevenLetterWords.json; sourceTree = "<group>"; };
		E2FEA19724D40791009025F0 /* deSixteenLetterWords.json */ = {isa = PBXFileReference; fileEncoding = 4; lastKnownFileType = text.json; path = deSixteenLetterWords.json; sourceTree = "<group>"; };
		E2FEA19824D40791009025F0 /* deNineLetterWords.json */ = {isa = PBXFileReference; fileEncoding = 4; lastKnownFileType = text.json; path = deNineLetterWords.json; sourceTree = "<group>"; };
		E2FEA19924D40791009025F0 /* deFiveLetterWords.json */ = {isa = PBXFileReference; fileEncoding = 4; lastKnownFileType = text.json; path = deFiveLetterWords.json; sourceTree = "<group>"; };
		E2FEA19A24D40791009025F0 /* deFourLetterWords.json */ = {isa = PBXFileReference; fileEncoding = 4; lastKnownFileType = text.json; path = deFourLetterWords.json; sourceTree = "<group>"; };
		E2FEA19B24D40791009025F0 /* deThreeLetterWords.json */ = {isa = PBXFileReference; fileEncoding = 4; lastKnownFileType = text.json; path = deThreeLetterWords.json; sourceTree = "<group>"; };
		E2FEA19C24D40792009025F0 /* deTwelveLetterWords.json */ = {isa = PBXFileReference; fileEncoding = 4; lastKnownFileType = text.json; path = deTwelveLetterWords.json; sourceTree = "<group>"; };
		E2FEA19D24D40792009025F0 /* deEightLetterWords.json */ = {isa = PBXFileReference; fileEncoding = 4; lastKnownFileType = text.json; path = deEightLetterWords.json; sourceTree = "<group>"; };
		E2FEA19E24D40792009025F0 /* deEighteenLetterWords.json */ = {isa = PBXFileReference; fileEncoding = 4; lastKnownFileType = text.json; path = deEighteenLetterWords.json; sourceTree = "<group>"; };
		E2FEA19F24D40792009025F0 /* deGreaterThanEighteenLetterWords.json */ = {isa = PBXFileReference; fileEncoding = 4; lastKnownFileType = text.json; path = deGreaterThanEighteenLetterWords.json; sourceTree = "<group>"; };
		E2FEA1A024D40792009025F0 /* deThirteenLetterWords.json */ = {isa = PBXFileReference; fileEncoding = 4; lastKnownFileType = text.json; path = deThirteenLetterWords.json; sourceTree = "<group>"; };
		E2FEA1A124D40793009025F0 /* deElevenLetterWords.json */ = {isa = PBXFileReference; fileEncoding = 4; lastKnownFileType = text.json; path = deElevenLetterWords.json; sourceTree = "<group>"; };
		E2FEA1A224D40793009025F0 /* deFourteenLetterWords.json */ = {isa = PBXFileReference; fileEncoding = 4; lastKnownFileType = text.json; path = deFourteenLetterWords.json; sourceTree = "<group>"; };
		E2FEA1A324D40793009025F0 /* deSeventeenLetterWords.json */ = {isa = PBXFileReference; fileEncoding = 4; lastKnownFileType = text.json; path = deSeventeenLetterWords.json; sourceTree = "<group>"; };
		E2FEA1A424D40793009025F0 /* deTenLetterWords.json */ = {isa = PBXFileReference; fileEncoding = 4; lastKnownFileType = text.json; path = deTenLetterWords.json; sourceTree = "<group>"; };
		E2FEA1A524D40793009025F0 /* deSixLetterWords.json */ = {isa = PBXFileReference; fileEncoding = 4; lastKnownFileType = text.json; path = deSixLetterWords.json; sourceTree = "<group>"; };
		E2FEA1A824D40794009025F0 /* deFifteenLetterWords.json */ = {isa = PBXFileReference; fileEncoding = 4; lastKnownFileType = text.json; path = deFifteenLetterWords.json; sourceTree = "<group>"; };
		E2FEA1BD24D4097E009025F0 /* itSevenLetterWords.json */ = {isa = PBXFileReference; fileEncoding = 4; lastKnownFileType = text.json; path = itSevenLetterWords.json; sourceTree = "<group>"; };
		E2FEA1BE24D4097E009025F0 /* itThirteenLetterWords.json */ = {isa = PBXFileReference; fileEncoding = 4; lastKnownFileType = text.json; path = itThirteenLetterWords.json; sourceTree = "<group>"; };
		E2FEA1BF24D4097E009025F0 /* itEighteenLetterWords.json */ = {isa = PBXFileReference; fileEncoding = 4; lastKnownFileType = text.json; path = itEighteenLetterWords.json; sourceTree = "<group>"; };
		E2FEA1C024D4097E009025F0 /* itFourteenLetterWords.json */ = {isa = PBXFileReference; fileEncoding = 4; lastKnownFileType = text.json; path = itFourteenLetterWords.json; sourceTree = "<group>"; };
		E2FEA1C124D4097F009025F0 /* itNineLetterWords.json */ = {isa = PBXFileReference; fileEncoding = 4; lastKnownFileType = text.json; path = itNineLetterWords.json; sourceTree = "<group>"; };
		E2FEA1C224D4097F009025F0 /* itElevenLetterWords.json */ = {isa = PBXFileReference; fileEncoding = 4; lastKnownFileType = text.json; path = itElevenLetterWords.json; sourceTree = "<group>"; };
		E2FEA1C324D4097F009025F0 /* itFourLetterWords.json */ = {isa = PBXFileReference; fileEncoding = 4; lastKnownFileType = text.json; path = itFourLetterWords.json; sourceTree = "<group>"; };
		E2FEA1C424D4097F009025F0 /* itEightLetterWords.json */ = {isa = PBXFileReference; fileEncoding = 4; lastKnownFileType = text.json; path = itEightLetterWords.json; sourceTree = "<group>"; };
		E2FEA1C624D40980009025F0 /* itSixLetterWords.json */ = {isa = PBXFileReference; fileEncoding = 4; lastKnownFileType = text.json; path = itSixLetterWords.json; sourceTree = "<group>"; };
		E2FEA1C724D40980009025F0 /* itThreeLetterWords.json */ = {isa = PBXFileReference; fileEncoding = 4; lastKnownFileType = text.json; path = itThreeLetterWords.json; sourceTree = "<group>"; };
		E2FEA1C824D40980009025F0 /* itSeventeenLetterWords.json */ = {isa = PBXFileReference; fileEncoding = 4; lastKnownFileType = text.json; path = itSeventeenLetterWords.json; sourceTree = "<group>"; };
		E2FEA1C924D40980009025F0 /* itGreaterThanEighteenLetterWords.json */ = {isa = PBXFileReference; fileEncoding = 4; lastKnownFileType = text.json; path = itGreaterThanEighteenLetterWords.json; sourceTree = "<group>"; };
		E2FEA1CB24D40981009025F0 /* itFiveLetterWords.json */ = {isa = PBXFileReference; fileEncoding = 4; lastKnownFileType = text.json; path = itFiveLetterWords.json; sourceTree = "<group>"; };
		E2FEA1CC24D40981009025F0 /* itSixteenLetterWords.json */ = {isa = PBXFileReference; fileEncoding = 4; lastKnownFileType = text.json; path = itSixteenLetterWords.json; sourceTree = "<group>"; };
		E2FEA1CD24D40981009025F0 /* itTwelveLetterWords.json */ = {isa = PBXFileReference; fileEncoding = 4; lastKnownFileType = text.json; path = itTwelveLetterWords.json; sourceTree = "<group>"; };
		E2FEA1CE24D40982009025F0 /* itFifteenLetterWords.json */ = {isa = PBXFileReference; fileEncoding = 4; lastKnownFileType = text.json; path = itFifteenLetterWords.json; sourceTree = "<group>"; };
		E2FEA1CF24D40982009025F0 /* itTenLetterWords.json */ = {isa = PBXFileReference; fileEncoding = 4; lastKnownFileType = text.json; path = itTenLetterWords.json; sourceTree = "<group>"; };
		E2FEA1E624D40AC8009025F0 /* frTwelveLetterWords.json */ = {isa = PBXFileReference; fileEncoding = 4; lastKnownFileType = text.json; path = frTwelveLetterWords.json; sourceTree = "<group>"; };
		E2FEA1E724D40AC8009025F0 /* frEightLetterWords.json */ = {isa = PBXFileReference; fileEncoding = 4; lastKnownFileType = text.json; path = frEightLetterWords.json; sourceTree = "<group>"; };
		E2FEA1E824D40AC8009025F0 /* frThreeLetterWords.json */ = {isa = PBXFileReference; fileEncoding = 4; lastKnownFileType = text.json; path = frThreeLetterWords.json; sourceTree = "<group>"; };
		E2FEA1E924D40AC9009025F0 /* frSevenLetterWords.json */ = {isa = PBXFileReference; fileEncoding = 4; lastKnownFileType = text.json; path = frSevenLetterWords.json; sourceTree = "<group>"; };
		E2FEA1EA24D40AC9009025F0 /* frThirteenLetterWords.json */ = {isa = PBXFileReference; fileEncoding = 4; lastKnownFileType = text.json; path = frThirteenLetterWords.json; sourceTree = "<group>"; };
		E2FEA1EB24D40AC9009025F0 /* frFiveLetterWords.json */ = {isa = PBXFileReference; fileEncoding = 4; lastKnownFileType = text.json; path = frFiveLetterWords.json; sourceTree = "<group>"; };
		E2FEA1EC24D40AC9009025F0 /* frFourLetterWords.json */ = {isa = PBXFileReference; fileEncoding = 4; lastKnownFileType = text.json; path = frFourLetterWords.json; sourceTree = "<group>"; };
		E2FEA1ED24D40ACA009025F0 /* frFourteenLetterWords.json */ = {isa = PBXFileReference; fileEncoding = 4; lastKnownFileType = text.json; path = frFourteenLetterWords.json; sourceTree = "<group>"; };
		E2FEA1EF24D40ACA009025F0 /* frEighteenLetterWords.json */ = {isa = PBXFileReference; fileEncoding = 4; lastKnownFileType = text.json; path = frEighteenLetterWords.json; sourceTree = "<group>"; };
		E2FEA1F024D40ACA009025F0 /* frGreaterThanEighteenLetterWords.json */ = {isa = PBXFileReference; fileEncoding = 4; lastKnownFileType = text.json; path = frGreaterThanEighteenLetterWords.json; sourceTree = "<group>"; };
		E2FEA1F224D40ACB009025F0 /* frSixteenLetterWords.json */ = {isa = PBXFileReference; fileEncoding = 4; lastKnownFileType = text.json; path = frSixteenLetterWords.json; sourceTree = "<group>"; };
		E2FEA1F324D40ACB009025F0 /* frSixLetterWords.json */ = {isa = PBXFileReference; fileEncoding = 4; lastKnownFileType = text.json; path = frSixLetterWords.json; sourceTree = "<group>"; };
		E2FEA1F424D40ACB009025F0 /* frTenLetterWords.json */ = {isa = PBXFileReference; fileEncoding = 4; lastKnownFileType = text.json; path = frTenLetterWords.json; sourceTree = "<group>"; };
		E2FEA1F524D40ACC009025F0 /* frNineLetterWords.json */ = {isa = PBXFileReference; fileEncoding = 4; lastKnownFileType = text.json; path = frNineLetterWords.json; sourceTree = "<group>"; };
		E2FEA1F624D40ACC009025F0 /* frSeventeenLetterWords.json */ = {isa = PBXFileReference; fileEncoding = 4; lastKnownFileType = text.json; path = frSeventeenLetterWords.json; sourceTree = "<group>"; };
		E2FEA1F724D40ACC009025F0 /* frElevenLetterWords.json */ = {isa = PBXFileReference; fileEncoding = 4; lastKnownFileType = text.json; path = frElevenLetterWords.json; sourceTree = "<group>"; };
		E2FEA1F824D40ACD009025F0 /* frFifteenLetterWords.json */ = {isa = PBXFileReference; fileEncoding = 4; lastKnownFileType = text.json; path = frFifteenLetterWords.json; sourceTree = "<group>"; };
		E2FEA20C24D40BDA009025F0 /* nlTenLetterWords.json */ = {isa = PBXFileReference; fileEncoding = 4; lastKnownFileType = text.json; path = nlTenLetterWords.json; sourceTree = "<group>"; };
		E2FEA20D24D40BDA009025F0 /* nlFifteenLetterWords.json */ = {isa = PBXFileReference; fileEncoding = 4; lastKnownFileType = text.json; path = nlFifteenLetterWords.json; sourceTree = "<group>"; };
		E2FEA20E24D40BDA009025F0 /* nlSixteenLetterWords.json */ = {isa = PBXFileReference; fileEncoding = 4; lastKnownFileType = text.json; path = nlSixteenLetterWords.json; sourceTree = "<group>"; };
		E2FEA20F24D40BDA009025F0 /* nlSixLetterWords.json */ = {isa = PBXFileReference; fileEncoding = 4; lastKnownFileType = text.json; path = nlSixLetterWords.json; sourceTree = "<group>"; };
		E2FEA21024D40BDB009025F0 /* nlFourLetterWords.json */ = {isa = PBXFileReference; fileEncoding = 4; lastKnownFileType = text.json; path = nlFourLetterWords.json; sourceTree = "<group>"; };
		E2FEA21124D40BDB009025F0 /* nlNineLetterWords.json */ = {isa = PBXFileReference; fileEncoding = 4; lastKnownFileType = text.json; path = nlNineLetterWords.json; sourceTree = "<group>"; };
		E2FEA21224D40BDB009025F0 /* nlEighteenLetterWords.json */ = {isa = PBXFileReference; fileEncoding = 4; lastKnownFileType = text.json; path = nlEighteenLetterWords.json; sourceTree = "<group>"; };
		E2FEA21424D40BDC009025F0 /* nlFiveLetterWords.json */ = {isa = PBXFileReference; fileEncoding = 4; lastKnownFileType = text.json; path = nlFiveLetterWords.json; sourceTree = "<group>"; };
		E2FEA21524D40BDC009025F0 /* nlSeventeenLetterWords.json */ = {isa = PBXFileReference; fileEncoding = 4; lastKnownFileType = text.json; path = nlSeventeenLetterWords.json; sourceTree = "<group>"; };
		E2FEA21624D40BDC009025F0 /* nlThreeLetterWords.json */ = {isa = PBXFileReference; fileEncoding = 4; lastKnownFileType = text.json; path = nlThreeLetterWords.json; sourceTree = "<group>"; };
		E2FEA21724D40BDC009025F0 /* nlEightLetterWords.json */ = {isa = PBXFileReference; fileEncoding = 4; lastKnownFileType = text.json; path = nlEightLetterWords.json; sourceTree = "<group>"; };
		E2FEA21824D40BDD009025F0 /* nlSevenLetterWords.json */ = {isa = PBXFileReference; fileEncoding = 4; lastKnownFileType = text.json; path = nlSevenLetterWords.json; sourceTree = "<group>"; };
		E2FEA21924D40BDE009025F0 /* nlTwelveLetterWords.json */ = {isa = PBXFileReference; fileEncoding = 4; lastKnownFileType = text.json; path = nlTwelveLetterWords.json; sourceTree = "<group>"; };
		E2FEA21A24D40BDE009025F0 /* nlGreaterThanEighteenLetterWords.json */ = {isa = PBXFileReference; fileEncoding = 4; lastKnownFileType = text.json; path = nlGreaterThanEighteenLetterWords.json; sourceTree = "<group>"; };
		E2FEA21C24D40BDF009025F0 /* nlFourteenLetterWords.json */ = {isa = PBXFileReference; fileEncoding = 4; lastKnownFileType = text.json; path = nlFourteenLetterWords.json; sourceTree = "<group>"; };
		E2FEA21D24D40BDF009025F0 /* nlThirteenLetterWords.json */ = {isa = PBXFileReference; fileEncoding = 4; lastKnownFileType = text.json; path = nlThirteenLetterWords.json; sourceTree = "<group>"; };
		E2FEA21E24D40BE0009025F0 /* nlElevenLetterWords.json */ = {isa = PBXFileReference; fileEncoding = 4; lastKnownFileType = text.json; path = nlElevenLetterWords.json; sourceTree = "<group>"; };
		E2FEA23224D40CE4009025F0 /* daSeventeenLetterWords.json */ = {isa = PBXFileReference; fileEncoding = 4; lastKnownFileType = text.json; path = daSeventeenLetterWords.json; sourceTree = "<group>"; };
		E2FEA23324D40CE4009025F0 /* daThirteenLetterWords.json */ = {isa = PBXFileReference; fileEncoding = 4; lastKnownFileType = text.json; path = daThirteenLetterWords.json; sourceTree = "<group>"; };
		E2FEA23424D40CE4009025F0 /* daFourLetterWords.json */ = {isa = PBXFileReference; fileEncoding = 4; lastKnownFileType = text.json; path = daFourLetterWords.json; sourceTree = "<group>"; };
		E2FEA23524D40CE5009025F0 /* daSevenLetterWords.json */ = {isa = PBXFileReference; fileEncoding = 4; lastKnownFileType = text.json; path = daSevenLetterWords.json; sourceTree = "<group>"; };
		E2FEA23624D40CE5009025F0 /* daGreaterThanEighteenLetterWords.json */ = {isa = PBXFileReference; fileEncoding = 4; lastKnownFileType = text.json; path = daGreaterThanEighteenLetterWords.json; sourceTree = "<group>"; };
		E2FEA23824D40CE6009025F0 /* daNineLetterWords.json */ = {isa = PBXFileReference; fileEncoding = 4; lastKnownFileType = text.json; path = daNineLetterWords.json; sourceTree = "<group>"; };
		E2FEA23924D40CE6009025F0 /* daTwelveLetterWords.json */ = {isa = PBXFileReference; fileEncoding = 4; lastKnownFileType = text.json; path = daTwelveLetterWords.json; sourceTree = "<group>"; };
		E2FEA23A24D40CE6009025F0 /* daThreeLetterWords.json */ = {isa = PBXFileReference; fileEncoding = 4; lastKnownFileType = text.json; path = daThreeLetterWords.json; sourceTree = "<group>"; };
		E2FEA23C24D40CE7009025F0 /* daEighteenLetterWords.json */ = {isa = PBXFileReference; fileEncoding = 4; lastKnownFileType = text.json; path = daEighteenLetterWords.json; sourceTree = "<group>"; };
		E2FEA23D24D40CE7009025F0 /* daElevenLetterWords.json */ = {isa = PBXFileReference; fileEncoding = 4; lastKnownFileType = text.json; path = daElevenLetterWords.json; sourceTree = "<group>"; };
		E2FEA23E24D40CE8009025F0 /* daSixLetterWords.json */ = {isa = PBXFileReference; fileEncoding = 4; lastKnownFileType = text.json; path = daSixLetterWords.json; sourceTree = "<group>"; };
		E2FEA23F24D40CE8009025F0 /* daFourteenLetterWords.json */ = {isa = PBXFileReference; fileEncoding = 4; lastKnownFileType = text.json; path = daFourteenLetterWords.json; sourceTree = "<group>"; };
		E2FEA24024D40CE8009025F0 /* daFifteenLetterWords.json */ = {isa = PBXFileReference; fileEncoding = 4; lastKnownFileType = text.json; path = daFifteenLetterWords.json; sourceTree = "<group>"; };
		E2FEA24124D40CE8009025F0 /* daFiveLetterWords.json */ = {isa = PBXFileReference; fileEncoding = 4; lastKnownFileType = text.json; path = daFiveLetterWords.json; sourceTree = "<group>"; };
		E2FEA24224D40CE9009025F0 /* daSixteenLetterWords.json */ = {isa = PBXFileReference; fileEncoding = 4; lastKnownFileType = text.json; path = daSixteenLetterWords.json; sourceTree = "<group>"; };
		E2FEA24324D40CE9009025F0 /* daTenLetterWords.json */ = {isa = PBXFileReference; fileEncoding = 4; lastKnownFileType = text.json; path = daTenLetterWords.json; sourceTree = "<group>"; };
		E2FEA24424D40CE9009025F0 /* daEightLetterWords.json */ = {isa = PBXFileReference; fileEncoding = 4; lastKnownFileType = text.json; path = daEightLetterWords.json; sourceTree = "<group>"; };
/* End PBXFileReference section */

/* Begin PBXFrameworksBuildPhase section */
		E25B8482246C70E500FA3C49 /* Frameworks */ = {
			isa = PBXFrameworksBuildPhase;
			buildActionMask = 2147483647;
			files = (
			);
			runOnlyForDeploymentPostprocessing = 0;
		};
		E2E3DF8F2467E98E0049235E /* Frameworks */ = {
			isa = PBXFrameworksBuildPhase;
			buildActionMask = 2147483647;
			files = (
			);
			runOnlyForDeploymentPostprocessing = 0;
		};
		E2FEA16524D3F57A009025F0 /* Frameworks */ = {
			isa = PBXFrameworksBuildPhase;
			buildActionMask = 2147483647;
			files = (
			);
			runOnlyForDeploymentPostprocessing = 0;
		};
/* End PBXFrameworksBuildPhase section */

/* Begin PBXGroup section */
		E25B8486246C70E500FA3C49 /* WordSearchTests */ = {
			isa = PBXGroup;
			children = (
				E25B8487246C70E500FA3C49 /* WordSearchTests.swift */,
				E25B8489246C70E500FA3C49 /* Info.plist */,
				E25B848F246C712A00FA3C49 /* WordControllerTest.swift */,
				E22F577E2480487800F1C0A5 /* GameBoardControllerTests.swift */,
				E2961B1D24B0946100075C19 /* GameBoardControllerTestTests.swift */,
				E2961B1F24B0947100075C19 /* LetterMapTests.swift */,
				E2B5977924B0CC1000E4CC71 /* NodeTests.swift */,
				E2B5977B24B0CC2100E4CC71 /* CoordinateTests.swift */,
				E2B5977D24B0CC4200E4CC71 /* CoordinateRangeTests.swift */,
			);
			path = WordSearchTests;
			sourceTree = "<group>";
		};
		E2AD5CE62472345400937D3D /* JSON Files */ = {
			isa = PBXGroup;
			children = (
				E2FEA1E524D409CF009025F0 /* Danish */,
				E2FEA1E424D409A5009025F0 /* Dutch */,
				E2FEA1E324D4099D009025F0 /* French */,
				E2FEA1BC24D4096A009025F0 /* Italian */,
				E2FEA16324D3F556009025F0 /* German */,
				E2FEA16224D3F549009025F0 /* Spanish */,
				E2FEA16124D3F51D009025F0 /* English */,
			);
			name = "JSON Files";
			sourceTree = "<group>";
		};
		E2E3DF892467E98E0049235E = {
			isa = PBXGroup;
			children = (
				E2E3DF942467E98E0049235E /* WordSearch */,
				E25B8486246C70E500FA3C49 /* WordSearchTests */,
				E2FEA16924D3F57A009025F0 /* WordSearchUITests */,
				E2E3DF932467E98E0049235E /* Products */,
			);
			sourceTree = "<group>";
		};
		E2E3DF932467E98E0049235E /* Products */ = {
			isa = PBXGroup;
			children = (
				E2E3DF922467E98E0049235E /* WordSearch.app */,
				E25B8485246C70E500FA3C49 /* WordSearchTests.xctest */,
				E2FEA16824D3F57A009025F0 /* WordSearchUITests.xctest */,
			);
			name = Products;
			sourceTree = "<group>";
		};
		E2E3DF942467E98E0049235E /* WordSearch */ = {
			isa = PBXGroup;
			children = (
				E2E3DFAD2467EA2E0049235E /* Models */,
				E2E3DFAA2467EA020049235E /* Views */,
				E2E3DFAC2467EA1C0049235E /* View Controllers */,
				E2E3DFAB2467EA0D0049235E /* Controllers */,
				E2E3DFA92467E9BC0049235E /* Resources */,
			);
			path = WordSearch;
			sourceTree = "<group>";
		};
		E2E3DFA92467E9BC0049235E /* Resources */ = {
			isa = PBXGroup;
			children = (
				E2E3DF952467E98E0049235E /* AppDelegate.swift */,
				E280F79F24691A97000CBEA4 /* MockData.swift */,
				E2E3DF972467E98E0049235E /* SceneDelegate.swift */,
				E2E3DF9E2467E9900049235E /* Assets.xcassets */,
				E2E3DFA32467E9900049235E /* Info.plist */,
				E2AD5CE62472345400937D3D /* JSON Files */,
				E2DA2C012474F13B0042E695 /* CharacterSet+Sequence.swift */,
				E2961B2724B0C63700075C19 /* Enums.swift */,
				E22F577C247F655800F1C0A5 /* dave-sBga13mu80c-unsplash.jpg */,
				E22F577A247F64BE00F1C0A5 /* setBackground.swift */,
				E2FEA15F24D3E580009025F0 /* OptionalDefaults.swift */,
			);
			path = Resources;
			sourceTree = "<group>";
		};
		E2E3DFAA2467EA020049235E /* Views */ = {
			isa = PBXGroup;
			children = (
				E2E3DF9B2467E98E0049235E /* Main.storyboard */,
				E2E3DFA02467E9900049235E /* LaunchScreen.storyboard */,
				E22F5778247EDB8700F1C0A5 /* LetterButtonsLayout.swift */,
			);
			path = Views;
			sourceTree = "<group>";
		};
		E2E3DFAB2467EA0D0049235E /* Controllers */ = {
			isa = PBXGroup;
			children = (
				E2E3DFB02467ED8D0049235E /* WordController.swift */,
				E219BD3524ADC128007E8F2C /* GameBoardController.swift */,
			);
			path = Controllers;
			sourceTree = "<group>";
		};
		E2E3DFAC2467EA1C0049235E /* View Controllers */ = {
			isa = PBXGroup;
			children = (
				E25B847A246C5D8600FA3C49 /* WordSearchViewController.swift */,
				E2FEA15B24D33770009025F0 /* MainScreenViewController.swift */,
				E2FEA15D24D337AC009025F0 /* SettingsViewController.swift */,
			);
			path = "View Controllers";
			sourceTree = "<group>";
		};
		E2E3DFAD2467EA2E0049235E /* Models */ = {
			isa = PBXGroup;
			children = (
				E2E3DFAE2467EA590049235E /* Word.swift */,
				E2EE23572473944F009FFEC3 /* GameBoard.swift */,
				E219BD3724ADC635007E8F2C /* LetterMap.swift */,
				E2961B2124B0C52C00075C19 /* Node.swift */,
				E2961B2324B0C5FA00075C19 /* Coordinate.swift */,
				E2961B2524B0C61C00075C19 /* CoordinateRange.swift */,
			);
			path = Models;
			sourceTree = "<group>";
		};
		E2FEA16124D3F51D009025F0 /* English */ = {
			isa = PBXGroup;
			children = (
				E2AD5CBD247233B700937D3D /* threeLetterWords.json */,
				E2AD5CBF2472340200937D3D /* fourLetterWords.json */,
				E27B757B2471D8910054BEBB /* fiveLetterWords.json */,
				E2AD5CC12472341C00937D3D /* sixLetterWords.json */,
				E2AD5CD32472343200937D3D /* eighteenLetterWords.json */,
				E2AD5CCA2472343100937D3D /* eightLetterWords.json */,
				E2AD5CCB2472343100937D3D /* elevenLetterWords.json */,
				E2AD5CD02472343200937D3D /* fifteenLetterWords.json */,
				E2AD5CD12472343200937D3D /* fourteenLetterWords.json */,
				E2AD5CCD2472343100937D3D /* nineLetterWords.json */,
				E2AD5CCC2472343100937D3D /* greaterThanEighteenLetterWords.json */,
				E2AD5CC62472343100937D3D /* sevenLetterWords.json */,
				E2AD5CC92472343100937D3D /* seventeenLetterWords.json */,
				E2AD5CC52472343100937D3D /* sixteenLetterWords.json */,
				E2AD5CC72472343100937D3D /* tenLetterWords.json */,
				E2AD5CCF2472343200937D3D /* thirteenLetterWords.json */,
				E2AD5CC42472343100937D3D /* twelveLetterWords.json */,
			);
			name = English;
			sourceTree = "<group>";
		};
		E2FEA16224D3F549009025F0 /* Spanish */ = {
			isa = PBXGroup;
			children = (
				E2FEA17524D40607009025F0 /* esEighteenLetterWords.json */,
				E2FEA17624D40607009025F0 /* esEightLetterWords.json */,
				E2FEA17924D40608009025F0 /* esElevenLetterWords.json */,
				E2FEA17424D40606009025F0 /* esFifteenLetterWords.json */,
				E2FEA17E24D40609009025F0 /* esFiveLetterWords.json */,
				E2FEA17324D40606009025F0 /* esFourLetterWords.json */,
				E2FEA17B24D40608009025F0 /* esFourteenLetterWords.json */,
				E2FEA17224D40606009025F0 /* esGreaterThanEighteenLetterWords.json */,
				E2FEA17F24D40609009025F0 /* esNineLetterWords.json */,
				E2FEA18324D4060A009025F0 /* esSevenLetterWords.json */,
				E2FEA17C24D40609009025F0 /* esSeventeenLetterWords.json */,
				E2FEA18024D40609009025F0 /* esSixLetterWords.json */,
				E2FEA18124D4060A009025F0 /* esSixteenLetterWords.json */,
				E2FEA17824D40607009025F0 /* esTenLetterWords.json */,
				E2FEA17724D40607009025F0 /* esThirteenLetterWords.json */,
				E2FEA17A24D40608009025F0 /* esThreeLetterWords.json */,
				E2FEA17D24D40609009025F0 /* esTwelveLetterWords.json */,
			);
			name = Spanish;
			sourceTree = "<group>";
		};
		E2FEA16324D3F556009025F0 /* German */ = {
			isa = PBXGroup;
			children = (
				E2FEA19E24D40792009025F0 /* deEighteenLetterWords.json */,
				E2FEA19D24D40792009025F0 /* deEightLetterWords.json */,
				E2FEA1A124D40793009025F0 /* deElevenLetterWords.json */,
				E2FEA1A824D40794009025F0 /* deFifteenLetterWords.json */,
				E2FEA19924D40791009025F0 /* deFiveLetterWords.json */,
				E2FEA19A24D40791009025F0 /* deFourLetterWords.json */,
				E2FEA1A224D40793009025F0 /* deFourteenLetterWords.json */,
				E2FEA19F24D40792009025F0 /* deGreaterThanEighteenLetterWords.json */,
				E2FEA19824D40791009025F0 /* deNineLetterWords.json */,
				E2FEA19624D40790009025F0 /* deSevenLetterWords.json */,
				E2FEA1A324D40793009025F0 /* deSeventeenLetterWords.json */,
				E2FEA1A524D40793009025F0 /* deSixLetterWords.json */,
				E2FEA19724D40791009025F0 /* deSixteenLetterWords.json */,
				E2FEA1A424D40793009025F0 /* deTenLetterWords.json */,
				E2FEA1A024D40792009025F0 /* deThirteenLetterWords.json */,
				E2FEA19B24D40791009025F0 /* deThreeLetterWords.json */,
				E2FEA19C24D40792009025F0 /* deTwelveLetterWords.json */,
			);
			name = German;
			sourceTree = "<group>";
		};
		E2FEA16924D3F57A009025F0 /* WordSearchUITests */ = {
			isa = PBXGroup;
			children = (
				E2FEA16A24D3F57A009025F0 /* WordSearchUITests.swift */,
				E2FEA16C24D3F57A009025F0 /* Info.plist */,
			);
			path = WordSearchUITests;
			sourceTree = "<group>";
		};
		E2FEA1BC24D4096A009025F0 /* Italian */ = {
			isa = PBXGroup;
			children = (
				E2FEA1BF24D4097E009025F0 /* itEighteenLetterWords.json */,
				E2FEA1C424D4097F009025F0 /* itEightLetterWords.json */,
				E2FEA1C224D4097F009025F0 /* itElevenLetterWords.json */,
				E2FEA1CE24D40982009025F0 /* itFifteenLetterWords.json */,
				E2FEA1CB24D40981009025F0 /* itFiveLetterWords.json */,
				E2FEA1C324D4097F009025F0 /* itFourLetterWords.json */,
				E2FEA1C024D4097E009025F0 /* itFourteenLetterWords.json */,
				E2FEA1C924D40980009025F0 /* itGreaterThanEighteenLetterWords.json */,
				E2FEA1C124D4097F009025F0 /* itNineLetterWords.json */,
				E2FEA1BD24D4097E009025F0 /* itSevenLetterWords.json */,
				E2FEA1C824D40980009025F0 /* itSeventeenLetterWords.json */,
				E2FEA1C624D40980009025F0 /* itSixLetterWords.json */,
				E2FEA1CC24D40981009025F0 /* itSixteenLetterWords.json */,
				E2FEA1CF24D40982009025F0 /* itTenLetterWords.json */,
				E2FEA1BE24D4097E009025F0 /* itThirteenLetterWords.json */,
				E2FEA1C724D40980009025F0 /* itThreeLetterWords.json */,
				E2FEA1CD24D40981009025F0 /* itTwelveLetterWords.json */,
			);
			name = Italian;
			sourceTree = "<group>";
		};
		E2FEA1E324D4099D009025F0 /* French */ = {
			isa = PBXGroup;
			children = (
				E2FEA1EF24D40ACA009025F0 /* frEighteenLetterWords.json */,
				E2FEA1E724D40AC8009025F0 /* frEightLetterWords.json */,
				E2FEA1F724D40ACC009025F0 /* frElevenLetterWords.json */,
				E2FEA1F824D40ACD009025F0 /* frFifteenLetterWords.json */,
				E2FEA1EB24D40AC9009025F0 /* frFiveLetterWords.json */,
				E2FEA1EC24D40AC9009025F0 /* frFourLetterWords.json */,
				E2FEA1ED24D40ACA009025F0 /* frFourteenLetterWords.json */,
				E2FEA1F024D40ACA009025F0 /* frGreaterThanEighteenLetterWords.json */,
				E2FEA1F524D40ACC009025F0 /* frNineLetterWords.json */,
				E2FEA1E924D40AC9009025F0 /* frSevenLetterWords.json */,
				E2FEA1F624D40ACC009025F0 /* frSeventeenLetterWords.json */,
				E2FEA1F324D40ACB009025F0 /* frSixLetterWords.json */,
				E2FEA1F224D40ACB009025F0 /* frSixteenLetterWords.json */,
				E2FEA1F424D40ACB009025F0 /* frTenLetterWords.json */,
				E2FEA1EA24D40AC9009025F0 /* frThirteenLetterWords.json */,
				E2FEA1E824D40AC8009025F0 /* frThreeLetterWords.json */,
				E2FEA1E624D40AC8009025F0 /* frTwelveLetterWords.json */,
			);
			name = French;
			sourceTree = "<group>";
		};
		E2FEA1E424D409A5009025F0 /* Dutch */ = {
			isa = PBXGroup;
			children = (
				E2FEA21224D40BDB009025F0 /* nlEighteenLetterWords.json */,
				E2FEA21724D40BDC009025F0 /* nlEightLetterWords.json */,
				E2FEA21E24D40BE0009025F0 /* nlElevenLetterWords.json */,
				E2FEA20D24D40BDA009025F0 /* nlFifteenLetterWords.json */,
				E2FEA21424D40BDC009025F0 /* nlFiveLetterWords.json */,
				E2FEA21024D40BDB009025F0 /* nlFourLetterWords.json */,
				E2FEA21C24D40BDF009025F0 /* nlFourteenLetterWords.json */,
				E2FEA21A24D40BDE009025F0 /* nlGreaterThanEighteenLetterWords.json */,
				E2FEA21124D40BDB009025F0 /* nlNineLetterWords.json */,
				E2FEA21824D40BDD009025F0 /* nlSevenLetterWords.json */,
				E2FEA21524D40BDC009025F0 /* nlSeventeenLetterWords.json */,
				E2FEA20F24D40BDA009025F0 /* nlSixLetterWords.json */,
				E2FEA20E24D40BDA009025F0 /* nlSixteenLetterWords.json */,
				E2FEA20C24D40BDA009025F0 /* nlTenLetterWords.json */,
				E2FEA21D24D40BDF009025F0 /* nlThirteenLetterWords.json */,
				E2FEA21624D40BDC009025F0 /* nlThreeLetterWords.json */,
				E2FEA21924D40BDE009025F0 /* nlTwelveLetterWords.json */,
			);
			name = Dutch;
			sourceTree = "<group>";
		};
		E2FEA1E524D409CF009025F0 /* Danish */ = {
			isa = PBXGroup;
			children = (
				E2FEA23C24D40CE7009025F0 /* daEighteenLetterWords.json */,
				E2FEA24424D40CE9009025F0 /* daEightLetterWords.json */,
				E2FEA23D24D40CE7009025F0 /* daElevenLetterWords.json */,
				E2FEA24024D40CE8009025F0 /* daFifteenLetterWords.json */,
				E2FEA24124D40CE8009025F0 /* daFiveLetterWords.json */,
				E2FEA23424D40CE4009025F0 /* daFourLetterWords.json */,
				E2FEA23F24D40CE8009025F0 /* daFourteenLetterWords.json */,
				E2FEA23624D40CE5009025F0 /* daGreaterThanEighteenLetterWords.json */,
				E2FEA23824D40CE6009025F0 /* daNineLetterWords.json */,
				E2FEA23524D40CE5009025F0 /* daSevenLetterWords.json */,
				E2FEA23224D40CE4009025F0 /* daSeventeenLetterWords.json */,
				E2FEA23E24D40CE8009025F0 /* daSixLetterWords.json */,
				E2FEA24224D40CE9009025F0 /* daSixteenLetterWords.json */,
				E2FEA24324D40CE9009025F0 /* daTenLetterWords.json */,
				E2FEA23324D40CE4009025F0 /* daThirteenLetterWords.json */,
				E2FEA23A24D40CE6009025F0 /* daThreeLetterWords.json */,
				E2FEA23924D40CE6009025F0 /* daTwelveLetterWords.json */,
			);
			name = Danish;
			sourceTree = "<group>";
		};
/* End PBXGroup section */

/* Begin PBXNativeTarget section */
		E25B8484246C70E500FA3C49 /* WordSearchTests */ = {
			isa = PBXNativeTarget;
			buildConfigurationList = E25B848C246C70E500FA3C49 /* Build configuration list for PBXNativeTarget "WordSearchTests" */;
			buildPhases = (
				E25B8481246C70E500FA3C49 /* Sources */,
				E25B8482246C70E500FA3C49 /* Frameworks */,
				E25B8483246C70E500FA3C49 /* Resources */,
			);
			buildRules = (
			);
			dependencies = (
				E25B848B246C70E500FA3C49 /* PBXTargetDependency */,
			);
			name = WordSearchTests;
			productName = WordSearchTests;
			productReference = E25B8485246C70E500FA3C49 /* WordSearchTests.xctest */;
			productType = "com.apple.product-type.bundle.unit-test";
		};
		E2E3DF912467E98E0049235E /* WordSearch */ = {
			isa = PBXNativeTarget;
			buildConfigurationList = E2E3DFA62467E9900049235E /* Build configuration list for PBXNativeTarget "WordSearch" */;
			buildPhases = (
				E2E3DF8E2467E98E0049235E /* Sources */,
				E2E3DF8F2467E98E0049235E /* Frameworks */,
				E2E3DF902467E98E0049235E /* Resources */,
			);
			buildRules = (
			);
			dependencies = (
			);
			name = WordSearch;
			productName = WordSearch;
			productReference = E2E3DF922467E98E0049235E /* WordSearch.app */;
			productType = "com.apple.product-type.application";
		};
		E2FEA16724D3F57A009025F0 /* WordSearchUITests */ = {
			isa = PBXNativeTarget;
			buildConfigurationList = E2FEA16F24D3F57A009025F0 /* Build configuration list for PBXNativeTarget "WordSearchUITests" */;
			buildPhases = (
				E2FEA16424D3F57A009025F0 /* Sources */,
				E2FEA16524D3F57A009025F0 /* Frameworks */,
				E2FEA16624D3F57A009025F0 /* Resources */,
			);
			buildRules = (
			);
			dependencies = (
				E2FEA16E24D3F57A009025F0 /* PBXTargetDependency */,
			);
			name = WordSearchUITests;
			productName = WordSearchUITests;
			productReference = E2FEA16824D3F57A009025F0 /* WordSearchUITests.xctest */;
			productType = "com.apple.product-type.bundle.ui-testing";
		};
/* End PBXNativeTarget section */

/* Begin PBXProject section */
		E2E3DF8A2467E98E0049235E /* Project object */ = {
			isa = PBXProject;
			attributes = {
				LastSwiftUpdateCheck = 1160;
				LastUpgradeCheck = 1140;
				ORGANIZATIONNAME = "Christopher Devito";
				TargetAttributes = {
					E25B8484246C70E500FA3C49 = {
						CreatedOnToolsVersion = 11.4.1;
						TestTargetID = E2E3DF912467E98E0049235E;
					};
					E2E3DF912467E98E0049235E = {
						CreatedOnToolsVersion = 11.4.1;
					};
					E2FEA16724D3F57A009025F0 = {
						CreatedOnToolsVersion = 11.6;
						TestTargetID = E2E3DF912467E98E0049235E;
					};
				};
			};
			buildConfigurationList = E2E3DF8D2467E98E0049235E /* Build configuration list for PBXProject "WordSearch" */;
			compatibilityVersion = "Xcode 9.3";
			developmentRegion = en;
			hasScannedForEncodings = 0;
			knownRegions = (
				en,
				Base,
			);
			mainGroup = E2E3DF892467E98E0049235E;
			productRefGroup = E2E3DF932467E98E0049235E /* Products */;
			projectDirPath = "";
			projectRoot = "";
			targets = (
				E2E3DF912467E98E0049235E /* WordSearch */,
				E25B8484246C70E500FA3C49 /* WordSearchTests */,
				E2FEA16724D3F57A009025F0 /* WordSearchUITests */,
			);
		};
/* End PBXProject section */

/* Begin PBXResourcesBuildPhase section */
		E25B8483246C70E500FA3C49 /* Resources */ = {
			isa = PBXResourcesBuildPhase;
			buildActionMask = 2147483647;
			files = (
			);
			runOnlyForDeploymentPostprocessing = 0;
		};
		E2E3DF902467E98E0049235E /* Resources */ = {
			isa = PBXResourcesBuildPhase;
			buildActionMask = 2147483647;
			files = (
				E2FEA1AC24D40794009025F0 /* deFiveLetterWords.json in Resources */,
				E2FEA1AE24D40794009025F0 /* deThreeLetterWords.json in Resources */,
				E2FEA1DF24D40982009025F0 /* itSixteenLetterWords.json in Resources */,
				E2FEA18924D4060A009025F0 /* esThirteenLetterWords.json in Resources */,
				E2FEA1AA24D40794009025F0 /* deSixteenLetterWords.json in Resources */,
				E2FEA1AB24D40794009025F0 /* deNineLetterWords.json in Resources */,
				E2FEA22F24D40BE0009025F0 /* nlFourteenLetterWords.json in Resources */,
				E2FEA1DB24D40982009025F0 /* itSeventeenLetterWords.json in Resources */,
				E2FEA1E224D40982009025F0 /* itTenLetterWords.json in Resources */,
				E2FEA1FC24D40ACD009025F0 /* frSevenLetterWords.json in Resources */,
				E2FEA20224D40ACD009025F0 /* frEighteenLetterWords.json in Resources */,
				E2FEA18D24D4060A009025F0 /* esFourteenLetterWords.json in Resources */,
				E2FEA20B24D40ACD009025F0 /* frFifteenLetterWords.json in Resources */,
				E2FEA1B524D40794009025F0 /* deFourteenLetterWords.json in Resources */,
				E2FEA24D24D40CE9009025F0 /* daThreeLetterWords.json in Resources */,
				E2AD5CDC2472343200937D3D /* elevenLetterWords.json in Resources */,
				E2FEA18524D4060A009025F0 /* esFourLetterWords.json in Resources */,
				E2FEA1B024D40794009025F0 /* deEightLetterWords.json in Resources */,
				E2FEA25024D40CE9009025F0 /* daElevenLetterWords.json in Resources */,
				E2FEA21F24D40BE0009025F0 /* nlTenLetterWords.json in Resources */,
				E2FEA1DE24D40982009025F0 /* itFiveLetterWords.json in Resources */,
				E2FEA25324D40CE9009025F0 /* daFifteenLetterWords.json in Resources */,
				E2FEA22324D40BE0009025F0 /* nlFourLetterWords.json in Resources */,
				E2FEA1AF24D40794009025F0 /* deTwelveLetterWords.json in Resources */,
				E2FEA18C24D4060A009025F0 /* esThreeLetterWords.json in Resources */,
				E2FEA19024D4060A009025F0 /* esFiveLetterWords.json in Resources */,
				E2E3DFA22467E9900049235E /* LaunchScreen.storyboard in Resources */,
				E2FEA1AD24D40794009025F0 /* deFourLetterWords.json in Resources */,
				E2FEA23024D40BE0009025F0 /* nlThirteenLetterWords.json in Resources */,
				E2FEA20A24D40ACD009025F0 /* frElevenLetterWords.json in Resources */,
				E2FEA19524D4060A009025F0 /* esSevenLetterWords.json in Resources */,
				E2FEA18A24D4060A009025F0 /* esTenLetterWords.json in Resources */,
				E2FEA20724D40ACD009025F0 /* frTenLetterWords.json in Resources */,
				E2FEA1B824D40794009025F0 /* deSixLetterWords.json in Resources */,
				E2AD5CDA2472343200937D3D /* seventeenLetterWords.json in Resources */,
				E2AD5CC02472340200937D3D /* fourLetterWords.json in Resources */,
				E2FEA20524D40ACD009025F0 /* frSixteenLetterWords.json in Resources */,
				E2FEA1E124D40982009025F0 /* itFifteenLetterWords.json in Resources */,
				E2FEA22C24D40BE0009025F0 /* nlTwelveLetterWords.json in Resources */,
				E22F577D247F655800F1C0A5 /* dave-sBga13mu80c-unsplash.jpg in Resources */,
				E2FEA22B24D40BE0009025F0 /* nlSevenLetterWords.json in Resources */,
				E2AD5CE12472343200937D3D /* fifteenLetterWords.json in Resources */,
				E2FEA22124D40BE0009025F0 /* nlSixteenLetterWords.json in Resources */,
				E2FEA1B224D40794009025F0 /* deGreaterThanEighteenLetterWords.json in Resources */,
				E2AD5CE42472343200937D3D /* eighteenLetterWords.json in Resources */,
				E2FEA1B424D40794009025F0 /* deElevenLetterWords.json in Resources */,
				E2AD5CE22472343200937D3D /* fourteenLetterWords.json in Resources */,
				E2FEA1BB24D40794009025F0 /* deFifteenLetterWords.json in Resources */,
				E2FEA22424D40BE0009025F0 /* nlNineLetterWords.json in Resources */,
				E2FEA18B24D4060A009025F0 /* esElevenLetterWords.json in Resources */,
				E2FEA24C24D40CE9009025F0 /* daTwelveLetterWords.json in Resources */,
				E2FEA20624D40ACD009025F0 /* frSixLetterWords.json in Resources */,
				E2FEA24524D40CE9009025F0 /* daSeventeenLetterWords.json in Resources */,
				E2FEA1B724D40794009025F0 /* deTenLetterWords.json in Resources */,
				E2AD5CE02472343200937D3D /* thirteenLetterWords.json in Resources */,
				E2AD5CBE247233B800937D3D /* threeLetterWords.json in Resources */,
				E2FEA1FA24D40ACD009025F0 /* frEightLetterWords.json in Resources */,
				E2FEA20024D40ACD009025F0 /* frFourteenLetterWords.json in Resources */,
				E2FEA18824D4060A009025F0 /* esEightLetterWords.json in Resources */,
				E2FEA1FF24D40ACD009025F0 /* frFourLetterWords.json in Resources */,
				E2FEA1F924D40ACD009025F0 /* frTwelveLetterWords.json in Resources */,
				E2FEA19124D4060A009025F0 /* esNineLetterWords.json in Resources */,
				E2FEA1E024D40982009025F0 /* itTwelveLetterWords.json in Resources */,
				E2AD5CDE2472343200937D3D /* nineLetterWords.json in Resources */,
				E2FEA1D224D40982009025F0 /* itEighteenLetterWords.json in Resources */,
				E2FEA1D424D40982009025F0 /* itNineLetterWords.json in Resources */,
				E2FEA24724D40CE9009025F0 /* daFourLetterWords.json in Resources */,
				E2FEA25724D40CE9009025F0 /* daEightLetterWords.json in Resources */,
				E2AD5CD62472343200937D3D /* sixteenLetterWords.json in Resources */,
				E2FEA25424D40CE9009025F0 /* daFiveLetterWords.json in Resources */,
				E2FEA22724D40BE0009025F0 /* nlFiveLetterWords.json in Resources */,
				E2FEA1D524D40982009025F0 /* itElevenLetterWords.json in Resources */,
				E2FEA1D324D40982009025F0 /* itFourteenLetterWords.json in Resources */,
				E2FEA25524D40CE9009025F0 /* daSixteenLetterWords.json in Resources */,
				E2FEA22D24D40BE0009025F0 /* nlGreaterThanEighteenLetterWords.json in Resources */,
				E2FEA1D624D40982009025F0 /* itFourLetterWords.json in Resources */,
				E2E3DF9F2467E9900049235E /* Assets.xcassets in Resources */,
				E2FEA24824D40CE9009025F0 /* daSevenLetterWords.json in Resources */,
				E2FEA22924D40BE0009025F0 /* nlThreeLetterWords.json in Resources */,
				E2AD5CD52472343200937D3D /* twelveLetterWords.json in Resources */,
				E2FEA18F24D4060A009025F0 /* esTwelveLetterWords.json in Resources */,
				E2FEA25624D40CE9009025F0 /* daTenLetterWords.json in Resources */,
				E2FEA22524D40BE0009025F0 /* nlEighteenLetterWords.json in Resources */,
				E2FEA1D724D40982009025F0 /* itEightLetterWords.json in Resources */,
				E2FEA23124D40BE0009025F0 /* nlElevenLetterWords.json in Resources */,
				E2FEA1B324D40794009025F0 /* deThirteenLetterWords.json in Resources */,
				E2FEA1FB24D40ACD009025F0 /* frThreeLetterWords.json in Resources */,
				E2FEA22224D40BE0009025F0 /* nlSixLetterWords.json in Resources */,
				E2FEA22024D40BE0009025F0 /* nlFifteenLetterWords.json in Resources */,
				E27B757C2471D8910054BEBB /* fiveLetterWords.json in Resources */,
				E2AD5CD72472343200937D3D /* sevenLetterWords.json in Resources */,
				E2FEA18724D4060A009025F0 /* esEighteenLetterWords.json in Resources */,
				E2FEA24624D40CE9009025F0 /* daThirteenLetterWords.json in Resources */,
				E2FEA19224D4060A009025F0 /* esSixLetterWords.json in Resources */,
				E2AD5CDD2472343200937D3D /* greaterThanEighteenLetterWords.json in Resources */,
				E2FEA20924D40ACD009025F0 /* frSeventeenLetterWords.json in Resources */,
				E2FEA24924D40CE9009025F0 /* daGreaterThanEighteenLetterWords.json in Resources */,
				E2AD5CD82472343200937D3D /* tenLetterWords.json in Resources */,
				E2FEA20824D40ACD009025F0 /* frNineLetterWords.json in Resources */,
				E2FEA1DC24D40982009025F0 /* itGreaterThanEighteenLetterWords.json in Resources */,
				E2FEA24F24D40CE9009025F0 /* daEighteenLetterWords.json in Resources */,
				E2FEA1D924D40982009025F0 /* itSixLetterWords.json in Resources */,
				E2FEA18624D4060A009025F0 /* esFifteenLetterWords.json in Resources */,
				E2FEA22824D40BE0009025F0 /* nlSeventeenLetterWords.json in Resources */,
				E2FEA1D024D40982009025F0 /* itSevenLetterWords.json in Resources */,
				E2FEA1D124D40982009025F0 /* itThirteenLetterWords.json in Resources */,
				E2FEA1B124D40794009025F0 /* deEighteenLetterWords.json in Resources */,
				E2FEA20324D40ACD009025F0 /* frGreaterThanEighteenLetterWords.json in Resources */,
				E2FEA1FD24D40ACD009025F0 /* frThirteenLetterWords.json in Resources */,
				E2AD5CDB2472343200937D3D /* eightLetterWords.json in Resources */,
				E2FEA18424D4060A009025F0 /* esGreaterThanEighteenLetterWords.json in Resources */,
				E2FEA1DA24D40982009025F0 /* itThreeLetterWords.json in Resources */,
				E2FEA19324D4060A009025F0 /* esSixteenLetterWords.json in Resources */,
				E2FEA25124D40CE9009025F0 /* daSixLetterWords.json in Resources */,
				E2FEA1A924D40794009025F0 /* deSevenLetterWords.json in Resources */,
				E2AD5CC22472341C00937D3D /* sixLetterWords.json in Resources */,
				E2FEA22A24D40BE0009025F0 /* nlEightLetterWords.json in Resources */,
				E2FEA25224D40CE9009025F0 /* daFourteenLetterWords.json in Resources */,
				E2E3DF9D2467E98E0049235E /* Main.storyboard in Resources */,
				E2FEA1B624D40794009025F0 /* deSeventeenLetterWords.json in Resources */,
				E2FEA18E24D4060A009025F0 /* esSeventeenLetterWords.json in Resources */,
				E2FEA24B24D40CE9009025F0 /* daNineLetterWords.json in Resources */,
				E2FEA1FE24D40ACD009025F0 /* frFiveLetterWords.json in Resources */,
			);
			runOnlyForDeploymentPostprocessing = 0;
		};
		E2FEA16624D3F57A009025F0 /* Resources */ = {
			isa = PBXResourcesBuildPhase;
			buildActionMask = 2147483647;
			files = (
			);
			runOnlyForDeploymentPostprocessing = 0;
		};
/* End PBXResourcesBuildPhase section */

/* Begin PBXSourcesBuildPhase section */
		E25B8481246C70E500FA3C49 /* Sources */ = {
			isa = PBXSourcesBuildPhase;
			buildActionMask = 2147483647;
			files = (
				E22F577F2480487800F1C0A5 /* GameBoardControllerTests.swift in Sources */,
				E2B5977A24B0CC1000E4CC71 /* NodeTests.swift in Sources */,
				E25B8488246C70E500FA3C49 /* WordSearchTests.swift in Sources */,
				E2961B2024B0947100075C19 /* LetterMapTests.swift in Sources */,
				E2961B1E24B0946100075C19 /* GameBoardControllerTestTests.swift in Sources */,
				E2B5977E24B0CC4200E4CC71 /* CoordinateRangeTests.swift in Sources */,
				E25B8490246C712A00FA3C49 /* WordControllerTest.swift in Sources */,
				E2B5977C24B0CC2100E4CC71 /* CoordinateTests.swift in Sources */,
			);
			runOnlyForDeploymentPostprocessing = 0;
		};
		E2E3DF8E2467E98E0049235E /* Sources */ = {
			isa = PBXSourcesBuildPhase;
			buildActionMask = 2147483647;
			files = (
				E2E3DF962467E98E0049235E /* AppDelegate.swift in Sources */,
				E2FEA15C24D33770009025F0 /* MainScreenViewController.swift in Sources */,
				E219BD3824ADC635007E8F2C /* LetterMap.swift in Sources */,
				E2E3DF982467E98E0049235E /* SceneDelegate.swift in Sources */,
				E2E3DFAF2467EA590049235E /* Word.swift in Sources */,
				E2E3DFB12467ED8D0049235E /* WordController.swift in Sources */,
				E2FEA16024D3E580009025F0 /* OptionalDefaults.swift in Sources */,
				E2961B2824B0C63700075C19 /* Enums.swift in Sources */,
				E2961B2624B0C61D00075C19 /* CoordinateRange.swift in Sources */,
				E2EE23582473944F009FFEC3 /* GameBoard.swift in Sources */,
				E25B847B246C5D8600FA3C49 /* WordSearchViewController.swift in Sources */,
				E219BD3624ADC128007E8F2C /* GameBoardController.swift in Sources */,
				E280F7A024691A97000CBEA4 /* MockData.swift in Sources */,
				E22F5779247EDB8700F1C0A5 /* LetterButtonsLayout.swift in Sources */,
				E2DA2C022474F13B0042E695 /* CharacterSet+Sequence.swift in Sources */,
				E22F577B247F64BE00F1C0A5 /* setBackground.swift in Sources */,
				E2961B2224B0C52C00075C19 /* Node.swift in Sources */,
				E2961B2424B0C5FA00075C19 /* Coordinate.swift in Sources */,
				E2FEA15E24D337AC009025F0 /* SettingsViewController.swift in Sources */,
			);
			runOnlyForDeploymentPostprocessing = 0;
		};
		E2FEA16424D3F57A009025F0 /* Sources */ = {
			isa = PBXSourcesBuildPhase;
			buildActionMask = 2147483647;
			files = (
				E2FEA16B24D3F57A009025F0 /* WordSearchUITests.swift in Sources */,
			);
			runOnlyForDeploymentPostprocessing = 0;
		};
/* End PBXSourcesBuildPhase section */

/* Begin PBXTargetDependency section */
		E25B848B246C70E500FA3C49 /* PBXTargetDependency */ = {
			isa = PBXTargetDependency;
			target = E2E3DF912467E98E0049235E /* WordSearch */;
			targetProxy = E25B848A246C70E500FA3C49 /* PBXContainerItemProxy */;
		};
		E2FEA16E24D3F57A009025F0 /* PBXTargetDependency */ = {
			isa = PBXTargetDependency;
			target = E2E3DF912467E98E0049235E /* WordSearch */;
			targetProxy = E2FEA16D24D3F57A009025F0 /* PBXContainerItemProxy */;
		};
/* End PBXTargetDependency section */

/* Begin PBXVariantGroup section */
		E2E3DF9B2467E98E0049235E /* Main.storyboard */ = {
			isa = PBXVariantGroup;
			children = (
				E2E3DF9C2467E98E0049235E /* Base */,
			);
			name = Main.storyboard;
			sourceTree = "<group>";
		};
		E2E3DFA02467E9900049235E /* LaunchScreen.storyboard */ = {
			isa = PBXVariantGroup;
			children = (
				E2E3DFA12467E9900049235E /* Base */,
			);
			name = LaunchScreen.storyboard;
			sourceTree = "<group>";
		};
/* End PBXVariantGroup section */

/* Begin XCBuildConfiguration section */
		E25B848D246C70E500FA3C49 /* Debug */ = {
			isa = XCBuildConfiguration;
			buildSettings = {
				BUNDLE_LOADER = "$(TEST_HOST)";
				CODE_SIGN_STYLE = Automatic;
				DEVELOPMENT_TEAM = 8825K9HH49;
				INFOPLIST_FILE = WordSearchTests/Info.plist;
				LD_RUNPATH_SEARCH_PATHS = (
					"$(inherited)",
					"@executable_path/Frameworks",
					"@loader_path/Frameworks",
				);
				PRODUCT_BUNDLE_IDENTIFIER = com.christopherdevito.WordSearchTests;
				PRODUCT_NAME = "$(TARGET_NAME)";
				SWIFT_VERSION = 5.0;
				TARGETED_DEVICE_FAMILY = "1,2";
				TEST_HOST = "$(BUILT_PRODUCTS_DIR)/WordSearch.app/WordSearch";
			};
			name = Debug;
		};
		E25B848E246C70E500FA3C49 /* Release */ = {
			isa = XCBuildConfiguration;
			buildSettings = {
				BUNDLE_LOADER = "$(TEST_HOST)";
				CODE_SIGN_STYLE = Automatic;
				DEVELOPMENT_TEAM = 8825K9HH49;
				INFOPLIST_FILE = WordSearchTests/Info.plist;
				LD_RUNPATH_SEARCH_PATHS = (
					"$(inherited)",
					"@executable_path/Frameworks",
					"@loader_path/Frameworks",
				);
				PRODUCT_BUNDLE_IDENTIFIER = com.christopherdevito.WordSearchTests;
				PRODUCT_NAME = "$(TARGET_NAME)";
				SWIFT_VERSION = 5.0;
				TARGETED_DEVICE_FAMILY = "1,2";
				TEST_HOST = "$(BUILT_PRODUCTS_DIR)/WordSearch.app/WordSearch";
			};
			name = Release;
		};
		E2E3DFA42467E9900049235E /* Debug */ = {
			isa = XCBuildConfiguration;
			buildSettings = {
				ALWAYS_SEARCH_USER_PATHS = NO;
				CLANG_ANALYZER_NONNULL = YES;
				CLANG_ANALYZER_NUMBER_OBJECT_CONVERSION = YES_AGGRESSIVE;
				CLANG_CXX_LANGUAGE_STANDARD = "gnu++14";
				CLANG_CXX_LIBRARY = "libc++";
				CLANG_ENABLE_MODULES = YES;
				CLANG_ENABLE_OBJC_ARC = YES;
				CLANG_ENABLE_OBJC_WEAK = YES;
				CLANG_WARN_BLOCK_CAPTURE_AUTORELEASING = YES;
				CLANG_WARN_BOOL_CONVERSION = YES;
				CLANG_WARN_COMMA = YES;
				CLANG_WARN_CONSTANT_CONVERSION = YES;
				CLANG_WARN_DEPRECATED_OBJC_IMPLEMENTATIONS = YES;
				CLANG_WARN_DIRECT_OBJC_ISA_USAGE = YES_ERROR;
				CLANG_WARN_DOCUMENTATION_COMMENTS = YES;
				CLANG_WARN_EMPTY_BODY = YES;
				CLANG_WARN_ENUM_CONVERSION = YES;
				CLANG_WARN_INFINITE_RECURSION = YES;
				CLANG_WARN_INT_CONVERSION = YES;
				CLANG_WARN_NON_LITERAL_NULL_CONVERSION = YES;
				CLANG_WARN_OBJC_IMPLICIT_RETAIN_SELF = YES;
				CLANG_WARN_OBJC_LITERAL_CONVERSION = YES;
				CLANG_WARN_OBJC_ROOT_CLASS = YES_ERROR;
				CLANG_WARN_RANGE_LOOP_ANALYSIS = YES;
				CLANG_WARN_STRICT_PROTOTYPES = YES;
				CLANG_WARN_SUSPICIOUS_MOVE = YES;
				CLANG_WARN_UNGUARDED_AVAILABILITY = YES_AGGRESSIVE;
				CLANG_WARN_UNREACHABLE_CODE = YES;
				CLANG_WARN__DUPLICATE_METHOD_MATCH = YES;
				COPY_PHASE_STRIP = NO;
				DEBUG_INFORMATION_FORMAT = dwarf;
				ENABLE_STRICT_OBJC_MSGSEND = YES;
				ENABLE_TESTABILITY = YES;
				GCC_C_LANGUAGE_STANDARD = gnu11;
				GCC_DYNAMIC_NO_PIC = NO;
				GCC_NO_COMMON_BLOCKS = YES;
				GCC_OPTIMIZATION_LEVEL = 0;
				GCC_PREPROCESSOR_DEFINITIONS = (
					"DEBUG=1",
					"$(inherited)",
				);
				GCC_WARN_64_TO_32_BIT_CONVERSION = YES;
				GCC_WARN_ABOUT_RETURN_TYPE = YES_ERROR;
				GCC_WARN_UNDECLARED_SELECTOR = YES;
				GCC_WARN_UNINITIALIZED_AUTOS = YES_AGGRESSIVE;
				GCC_WARN_UNUSED_FUNCTION = YES;
				GCC_WARN_UNUSED_VARIABLE = YES;
				IPHONEOS_DEPLOYMENT_TARGET = 13.4;
				MTL_ENABLE_DEBUG_INFO = INCLUDE_SOURCE;
				MTL_FAST_MATH = YES;
				ONLY_ACTIVE_ARCH = YES;
				SDKROOT = iphoneos;
				SWIFT_ACTIVE_COMPILATION_CONDITIONS = DEBUG;
				SWIFT_OPTIMIZATION_LEVEL = "-Onone";
			};
			name = Debug;
		};
		E2E3DFA52467E9900049235E /* Release */ = {
			isa = XCBuildConfiguration;
			buildSettings = {
				ALWAYS_SEARCH_USER_PATHS = NO;
				CLANG_ANALYZER_NONNULL = YES;
				CLANG_ANALYZER_NUMBER_OBJECT_CONVERSION = YES_AGGRESSIVE;
				CLANG_CXX_LANGUAGE_STANDARD = "gnu++14";
				CLANG_CXX_LIBRARY = "libc++";
				CLANG_ENABLE_MODULES = YES;
				CLANG_ENABLE_OBJC_ARC = YES;
				CLANG_ENABLE_OBJC_WEAK = YES;
				CLANG_WARN_BLOCK_CAPTURE_AUTORELEASING = YES;
				CLANG_WARN_BOOL_CONVERSION = YES;
				CLANG_WARN_COMMA = YES;
				CLANG_WARN_CONSTANT_CONVERSION = YES;
				CLANG_WARN_DEPRECATED_OBJC_IMPLEMENTATIONS = YES;
				CLANG_WARN_DIRECT_OBJC_ISA_USAGE = YES_ERROR;
				CLANG_WARN_DOCUMENTATION_COMMENTS = YES;
				CLANG_WARN_EMPTY_BODY = YES;
				CLANG_WARN_ENUM_CONVERSION = YES;
				CLANG_WARN_INFINITE_RECURSION = YES;
				CLANG_WARN_INT_CONVERSION = YES;
				CLANG_WARN_NON_LITERAL_NULL_CONVERSION = YES;
				CLANG_WARN_OBJC_IMPLICIT_RETAIN_SELF = YES;
				CLANG_WARN_OBJC_LITERAL_CONVERSION = YES;
				CLANG_WARN_OBJC_ROOT_CLASS = YES_ERROR;
				CLANG_WARN_RANGE_LOOP_ANALYSIS = YES;
				CLANG_WARN_STRICT_PROTOTYPES = YES;
				CLANG_WARN_SUSPICIOUS_MOVE = YES;
				CLANG_WARN_UNGUARDED_AVAILABILITY = YES_AGGRESSIVE;
				CLANG_WARN_UNREACHABLE_CODE = YES;
				CLANG_WARN__DUPLICATE_METHOD_MATCH = YES;
				COPY_PHASE_STRIP = NO;
				DEBUG_INFORMATION_FORMAT = "dwarf-with-dsym";
				ENABLE_NS_ASSERTIONS = NO;
				ENABLE_STRICT_OBJC_MSGSEND = YES;
				GCC_C_LANGUAGE_STANDARD = gnu11;
				GCC_NO_COMMON_BLOCKS = YES;
				GCC_WARN_64_TO_32_BIT_CONVERSION = YES;
				GCC_WARN_ABOUT_RETURN_TYPE = YES_ERROR;
				GCC_WARN_UNDECLARED_SELECTOR = YES;
				GCC_WARN_UNINITIALIZED_AUTOS = YES_AGGRESSIVE;
				GCC_WARN_UNUSED_FUNCTION = YES;
				GCC_WARN_UNUSED_VARIABLE = YES;
				IPHONEOS_DEPLOYMENT_TARGET = 13.4;
				MTL_ENABLE_DEBUG_INFO = NO;
				MTL_FAST_MATH = YES;
				SDKROOT = iphoneos;
				SWIFT_COMPILATION_MODE = wholemodule;
				SWIFT_OPTIMIZATION_LEVEL = "-O";
				VALIDATE_PRODUCT = YES;
			};
			name = Release;
		};
		E2E3DFA72467E9900049235E /* Debug */ = {
			isa = XCBuildConfiguration;
			buildSettings = {
				ASSETCATALOG_COMPILER_APPICON_NAME = AppIcon;
				CODE_SIGN_STYLE = Automatic;
				CURRENT_PROJECT_VERSION = 2;
				DEVELOPMENT_TEAM = 8825K9HH49;
				INFOPLIST_FILE = WordSearch/Resources/Info.plist;
				LD_RUNPATH_SEARCH_PATHS = (
					"$(inherited)",
					"@executable_path/Frameworks",
				);
				MARKETING_VERSION = 1.1;
				PRODUCT_BUNDLE_IDENTIFIER = com.christopherdevito.WordSearch;
				PRODUCT_NAME = "$(TARGET_NAME)";
				SWIFT_VERSION = 5.0;
				TARGETED_DEVICE_FAMILY = "1,2";
			};
			name = Debug;
		};
		E2E3DFA82467E9900049235E /* Release */ = {
			isa = XCBuildConfiguration;
			buildSettings = {
				ASSETCATALOG_COMPILER_APPICON_NAME = AppIcon;
				CODE_SIGN_STYLE = Automatic;
				CURRENT_PROJECT_VERSION = 2;
				DEVELOPMENT_TEAM = 8825K9HH49;
				INFOPLIST_FILE = WordSearch/Resources/Info.plist;
				LD_RUNPATH_SEARCH_PATHS = (
					"$(inherited)",
					"@executable_path/Frameworks",
				);
				MARKETING_VERSION = 1.1;
				PRODUCT_BUNDLE_IDENTIFIER = com.christopherdevito.WordSearch;
				PRODUCT_NAME = "$(TARGET_NAME)";
				SWIFT_VERSION = 5.0;
				TARGETED_DEVICE_FAMILY = "1,2";
			};
			name = Release;
		};
		E2FEA17024D3F57A009025F0 /* Debug */ = {
			isa = XCBuildConfiguration;
			buildSettings = {
				CODE_SIGN_STYLE = Automatic;
				DEVELOPMENT_TEAM = 8825K9HH49;
				INFOPLIST_FILE = WordSearchUITests/Info.plist;
				IPHONEOS_DEPLOYMENT_TARGET = 13.6;
				LD_RUNPATH_SEARCH_PATHS = (
					"$(inherited)",
					"@executable_path/Frameworks",
					"@loader_path/Frameworks",
				);
				PRODUCT_BUNDLE_IDENTIFIER = com.christopherdevito.WordSearchUITests;
				PRODUCT_NAME = "$(TARGET_NAME)";
				SWIFT_VERSION = 5.0;
				TARGETED_DEVICE_FAMILY = "1,2";
				TEST_TARGET_NAME = WordSearch;
			};
			name = Debug;
		};
		E2FEA17124D3F57A009025F0 /* Release */ = {
			isa = XCBuildConfiguration;
			buildSettings = {
				CODE_SIGN_STYLE = Automatic;
				DEVELOPMENT_TEAM = 8825K9HH49;
				INFOPLIST_FILE = WordSearchUITests/Info.plist;
				IPHONEOS_DEPLOYMENT_TARGET = 13.6;
				LD_RUNPATH_SEARCH_PATHS = (
					"$(inherited)",
					"@executable_path/Frameworks",
					"@loader_path/Frameworks",
				);
				PRODUCT_BUNDLE_IDENTIFIER = com.christopherdevito.WordSearchUITests;
				PRODUCT_NAME = "$(TARGET_NAME)";
				SWIFT_VERSION = 5.0;
				TARGETED_DEVICE_FAMILY = "1,2";
				TEST_TARGET_NAME = WordSearch;
			};
			name = Release;
		};
/* End XCBuildConfiguration section */

/* Begin XCConfigurationList section */
		E25B848C246C70E500FA3C49 /* Build configuration list for PBXNativeTarget "WordSearchTests" */ = {
			isa = XCConfigurationList;
			buildConfigurations = (
				E25B848D246C70E500FA3C49 /* Debug */,
				E25B848E246C70E500FA3C49 /* Release */,
			);
			defaultConfigurationIsVisible = 0;
			defaultConfigurationName = Release;
		};
		E2E3DF8D2467E98E0049235E /* Build configuration list for PBXProject "WordSearch" */ = {
			isa = XCConfigurationList;
			buildConfigurations = (
				E2E3DFA42467E9900049235E /* Debug */,
				E2E3DFA52467E9900049235E /* Release */,
			);
			defaultConfigurationIsVisible = 0;
			defaultConfigurationName = Release;
		};
		E2E3DFA62467E9900049235E /* Build configuration list for PBXNativeTarget "WordSearch" */ = {
			isa = XCConfigurationList;
			buildConfigurations = (
				E2E3DFA72467E9900049235E /* Debug */,
				E2E3DFA82467E9900049235E /* Release */,
			);
			defaultConfigurationIsVisible = 0;
			defaultConfigurationName = Release;
		};
		E2FEA16F24D3F57A009025F0 /* Build configuration list for PBXNativeTarget "WordSearchUITests" */ = {
			isa = XCConfigurationList;
			buildConfigurations = (
				E2FEA17024D3F57A009025F0 /* Debug */,
				E2FEA17124D3F57A009025F0 /* Release */,
			);
			defaultConfigurationIsVisible = 0;
			defaultConfigurationName = Release;
		};
/* End XCConfigurationList section */
	};
	rootObject = E2E3DF8A2467E98E0049235E /* Project object */;
}
